
Microsoft Visual Studio Solution File, Format Version 12.00
# Visual Studio Version 17
VisualStudioVersion = 17.0.31903.59
MinimumVisualStudioVersion = 10.0.40219.1
Project("{2150E333-8FDC-42A3-9474-1A3956D46DE8}") = "Catalog", "Catalog", "{A6448884-BE4E-4A98-9A19-9F018E1D51CC}"
EndProject
Project("{2150E333-8FDC-42A3-9474-1A3956D46DE8}") = "src", "src", "{EC2C5CE6-2E67-41BF-8270-126367A61D2A}"
EndProject
Project("{FAE04EC0-301F-11D3-BF4B-00C04F79EFBC}") = "Web", "Catalog\src\Web\Web.csproj", "{17FA0F18-1A05-49BA-886F-FDAB89A18B63}"
EndProject
Project("{FAE04EC0-301F-11D3-BF4B-00C04F79EFBC}") = "Presentation", "Catalog\src\Presentation\Presentation.csproj", "{AB33C3FE-AD9E-45D4-881A-A513E2EDA5FC}"
EndProject
Project("{FAE04EC0-301F-11D3-BF4B-00C04F79EFBC}") = "Infrastructure", "Catalog\src\Infrastructure\Infrastructure.csproj", "{80218D60-8050-499B-8057-0C4980ABDC97}"
EndProject
Project("{FAE04EC0-301F-11D3-BF4B-00C04F79EFBC}") = "Domain", "Catalog\src\Domain\Domain.csproj", "{5B071B85-84A6-4333-AEA1-37953735B8AB}"
EndProject
Project("{FAE04EC0-301F-11D3-BF4B-00C04F79EFBC}") = "Contracts", "Catalog\src\Contracts\Contracts.csproj", "{E449783C-7C84-4E01-949C-C311AA17C4B1}"
EndProject
Project("{FAE04EC0-301F-11D3-BF4B-00C04F79EFBC}") = "Consumers", "Catalog\src\Consumers\Consumers.csproj", "{C3A90ACA-7D60-4BA5-BF25-7546CA429C39}"
EndProject
Project("{FAE04EC0-301F-11D3-BF4B-00C04F79EFBC}") = "Client", "Catalog\src\Client\Client.csproj", "{0F6C2936-6193-4AD3-9C56-B07127C2F862}"
EndProject
Project("{FAE04EC0-301F-11D3-BF4B-00C04F79EFBC}") = "Application", "Catalog\src\Application\Application.csproj", "{5B6C9BF9-23EF-4CDF-9179-0C2EBF2E59BD}"
EndProject
Project("{2150E333-8FDC-42A3-9474-1A3956D46DE8}") = "Site", "Site", "{ADE5959B-5E36-4181-8EFF-590DDBF46D4C}"
EndProject
Project("{FAE04EC0-301F-11D3-BF4B-00C04F79EFBC}") = "Site.Client", "Site\src\Client\Site.Client.csproj", "{8AC0B223-D2B1-45EF-869F-0F6A28E805CE}"
EndProject
Project("{FAE04EC0-301F-11D3-BF4B-00C04F79EFBC}") = "Site.Server", "Site\src\Server\Site.Server.csproj", "{A94F6C30-19D4-4957-96FA-33E1B034799B}"
EndProject
Project("{FAE04EC0-301F-11D3-BF4B-00C04F79EFBC}") = "Site.Shared", "Site\src\Shared\Site.Shared.csproj", "{0413FD2A-5DF8-478B-AB91-A04A0887F004}"
EndProject
Project("{2150E333-8FDC-42A3-9474-1A3956D46DE8}") = "src", "src", "{ECAB9917-BA27-4304-A078-9E41255F9B14}"
EndProject
Project("{2150E333-8FDC-42A3-9474-1A3956D46DE8}") = "Portal", "Portal", "{3235E550-3A88-4034-A36A-E952469B3360}"
EndProject
Project("{2150E333-8FDC-42A3-9474-1A3956D46DE8}") = "src", "src", "{4C4561D1-1512-4447-AC9B-544CF7D0B385}"
EndProject
Project("{2150E333-8FDC-42A3-9474-1A3956D46DE8}") = "test", "test", "{EEB94EF5-BD0D-4816-B0E8-9D3F579A7B27}"
EndProject
Project("{FAE04EC0-301F-11D3-BF4B-00C04F79EFBC}") = "ClientApp", "Portal\src\ClientApp\ClientApp.csproj", "{F7476150-A22C-452A-9E28-D9BC676C33B1}"
EndProject
Project("{FAE04EC0-301F-11D3-BF4B-00C04F79EFBC}") = "Client", "Portal\src\Client\Client.csproj", "{B93698EB-98A4-49A3-87F1-A01424762205}"
EndProject
Project("{FAE04EC0-301F-11D3-BF4B-00C04F79EFBC}") = "Application", "Portal\src\Application\Application.csproj", "{7AB75F98-7CF1-40E1-9209-A0F4DCEAAF23}"
EndProject
Project("{FAE04EC0-301F-11D3-BF4B-00C04F79EFBC}") = "Consumers", "Portal\src\Consumers\Consumers.csproj", "{FB48F218-5C4C-4FF7-AA54-78F1AD4F0978}"
EndProject
Project("{FAE04EC0-301F-11D3-BF4B-00C04F79EFBC}") = "Contracts", "Portal\src\Contracts\Contracts.csproj", "{CF7DA2A5-4174-470E-9E63-5D134DCAC64F}"
EndProject
Project("{FAE04EC0-301F-11D3-BF4B-00C04F79EFBC}") = "Domain", "Portal\src\Domain\Domain.csproj", "{FBDE3704-F69B-4372-8A0E-F272E9BAE742}"
EndProject
Project("{FAE04EC0-301F-11D3-BF4B-00C04F79EFBC}") = "Infrastructure", "Portal\src\Infrastructure\Infrastructure.csproj", "{76B13F30-F3B2-4DFD-B130-5F61D4434DC2}"
EndProject
Project("{FAE04EC0-301F-11D3-BF4B-00C04F79EFBC}") = "Presentation", "Portal\src\Presentation\Presentation.csproj", "{8B5642E6-A04F-4633-8410-2F6D61E9C0B9}"
EndProject
Project("{FAE04EC0-301F-11D3-BF4B-00C04F79EFBC}") = "Web", "Portal\src\Web\Web.csproj", "{156A45B7-379F-40B1-855F-C90BCF308E92}"
EndProject
Project("{FAE04EC0-301F-11D3-BF4B-00C04F79EFBC}") = "IdentityService", "IdentityService\IdentityService.csproj", "{BFC7AEA8-1FFF-4E4E-BE94-1114D5F88719}"
EndProject
Project("{2150E333-8FDC-42A3-9474-1A3956D46DE8}") = "Sales", "Sales", "{C6889BC9-02EF-4CF1-A336-E69028E62297}"
EndProject
Project("{2150E333-8FDC-42A3-9474-1A3956D46DE8}") = "src", "src", "{B602F0E3-ACDF-44C6-AEB7-6B9B6538959A}"
EndProject
Project("{FAE04EC0-301F-11D3-BF4B-00C04F79EFBC}") = "Application", "Sales\src\Application\Application.csproj", "{69921E2B-2809-40B5-8AAE-BFE8B846A306}"
EndProject
Project("{FAE04EC0-301F-11D3-BF4B-00C04F79EFBC}") = "Client", "Sales\src\Client\Client.csproj", "{A8F5B71C-4447-49E5-B0AB-518171AD2D82}"
EndProject
Project("{FAE04EC0-301F-11D3-BF4B-00C04F79EFBC}") = "Consumers", "Sales\src\Consumers\Consumers.csproj", "{D032E871-6CF0-4EA2-A15E-A6585237476A}"
EndProject
Project("{FAE04EC0-301F-11D3-BF4B-00C04F79EFBC}") = "Contracts", "Sales\src\Contracts\Contracts.csproj", "{E538587D-9F5D-4A35-8A4D-C439B3959D64}"
EndProject
Project("{FAE04EC0-301F-11D3-BF4B-00C04F79EFBC}") = "Domain", "Sales\src\Domain\Domain.csproj", "{7D0BC416-B990-4FA4-A207-E8C967CE49F5}"
EndProject
Project("{FAE04EC0-301F-11D3-BF4B-00C04F79EFBC}") = "Infrastructure", "Sales\src\Infrastructure\Infrastructure.csproj", "{74E5D411-9A5C-4211-A2CB-30FD4D95BB56}"
EndProject
Project("{FAE04EC0-301F-11D3-BF4B-00C04F79EFBC}") = "Presentation", "Sales\src\Presentation\Presentation.csproj", "{E4030F32-C042-4CB5-9382-8948E2C3CC08}"
EndProject
Project("{FAE04EC0-301F-11D3-BF4B-00C04F79EFBC}") = "Web", "Sales\src\Web\Web.csproj", "{FCDA7340-BA02-4195-AA59-C8379DBED830}"
EndProject
Project("{FAE04EC0-301F-11D3-BF4B-00C04F79EFBC}") = "Catalog.UI", "Catalog\src\Catalog.UI\Catalog.UI.csproj", "{DDD31A1E-446F-4A0E-9C99-8B599B7E6958}"
EndProject
Project("{9344BDBB-3E7F-41FC-A0DD-8665D75EE146}") = "ClientApp.Tests", "Portal\test\ClientApp.Tests\ClientApp.Tests.csproj", "{621D79AA-5083-415D-876E-1656BBC2B4C1}"
EndProject
Project("{FAE04EC0-301F-11D3-BF4B-00C04F79EFBC}") = "Portal.Modules", "Portal\src\Portal.Modules\Portal.Modules.csproj", "{DCCB5421-B8A3-4C73-B878-C60CC006C09D}"
EndProject
Project("{FAE04EC0-301F-11D3-BF4B-00C04F79EFBC}") = "Portal.Modules.Loader", "Portal\src\Portal.Modules.Loader\Portal.Modules.Loader.csproj", "{A815FE3A-8936-4A75-89F0-DD7F8B5A4452}"
EndProject
Project("{FAE04EC0-301F-11D3-BF4B-00C04F79EFBC}") = "Portal.Shared", "Portal\src\Portal.Shared\Portal.Shared.csproj", "{A5CD3EDC-03E9-4D05-9F69-5C437FEAA1B8}"
EndProject
Project("{FAE04EC0-301F-11D3-BF4B-00C04F79EFBC}") = "Portal.Theming", "Portal\src\Portal.Theming\Portal.Theming.csproj", "{F7B13CBA-ACAB-4ED7-BED9-96AB13CFA8A6}"
EndProject
Project("{FAE04EC0-301F-11D3-BF4B-00C04F79EFBC}") = "Portal.Services", "Portal\src\Portal.Services\Portal.Services.csproj", "{3A568B11-2AA8-412A-8FA6-1ACC4047D16D}"
EndProject
Project("{2150E333-8FDC-42A3-9474-1A3956D46DE8}") = "Inventory", "Inventory", "{ED6EBF0C-2F4E-4D01-B8FE-3B2460D78BBB}"
EndProject
Project("{2150E333-8FDC-42A3-9474-1A3956D46DE8}") = "src", "src", "{093AFF34-DCE5-4BF2-BA84-AF085E1A9354}"
EndProject
Project("{FAE04EC0-301F-11D3-BF4B-00C04F79EFBC}") = "Application", "Inventory\src\Application\Application.csproj", "{C2D02266-5D21-4FCF-9310-489B98D55EA2}"
EndProject
Project("{FAE04EC0-301F-11D3-BF4B-00C04F79EFBC}") = "Client", "Inventory\src\Client\Client.csproj", "{6FAD95B7-E5A9-426D-8D7E-E6AF7F469F61}"
EndProject
Project("{FAE04EC0-301F-11D3-BF4B-00C04F79EFBC}") = "Consumers", "Inventory\src\Consumers\Consumers.csproj", "{B7A41FB8-66BF-42E8-9C57-3BA119FD2A0B}"
EndProject
Project("{FAE04EC0-301F-11D3-BF4B-00C04F79EFBC}") = "Contracts", "Inventory\src\Contracts\Contracts.csproj", "{968346CD-3C53-47B7-A3C1-DDDC10A5BB1C}"
EndProject
Project("{FAE04EC0-301F-11D3-BF4B-00C04F79EFBC}") = "Domain", "Inventory\src\Domain\Domain.csproj", "{93059EFA-505C-4A8F-AACC-653340753630}"
EndProject
Project("{FAE04EC0-301F-11D3-BF4B-00C04F79EFBC}") = "Infrastructure", "Inventory\src\Infrastructure\Infrastructure.csproj", "{C482498A-5CE1-41DB-8810-0E889162E01D}"
EndProject
Project("{FAE04EC0-301F-11D3-BF4B-00C04F79EFBC}") = "Inventory.Components", "Inventory\src\Inventory.Components\Inventory.Components.csproj", "{CCC207CC-DEB0-4D85-B9C3-105DF4ED2772}"
EndProject
Project("{FAE04EC0-301F-11D3-BF4B-00C04F79EFBC}") = "Inventory.UI", "Inventory\src\Inventory.UI\Inventory.UI.csproj", "{735CF7B5-4746-4D7E-A8E4-B049483F4C94}"
EndProject
Project("{FAE04EC0-301F-11D3-BF4B-00C04F79EFBC}") = "Presentation", "Inventory\src\Presentation\Presentation.csproj", "{C6B524E8-8E04-4074-9EFE-C7E4DBBD2609}"
EndProject
Project("{FAE04EC0-301F-11D3-BF4B-00C04F79EFBC}") = "Web", "Inventory\src\Web\Web.csproj", "{D9771E1D-227E-4544-BCBE-36ED46ED57BC}"
EndProject
Global
	GlobalSection(SolutionConfigurationPlatforms) = preSolution
		Debug|Any CPU = Debug|Any CPU
		Release|Any CPU = Release|Any CPU
	EndGlobalSection
	GlobalSection(SolutionProperties) = preSolution
		HideSolutionNode = FALSE
	EndGlobalSection
	GlobalSection(ProjectConfigurationPlatforms) = postSolution
		{17FA0F18-1A05-49BA-886F-FDAB89A18B63}.Debug|Any CPU.ActiveCfg = Debug|Any CPU
		{17FA0F18-1A05-49BA-886F-FDAB89A18B63}.Debug|Any CPU.Build.0 = Debug|Any CPU
		{17FA0F18-1A05-49BA-886F-FDAB89A18B63}.Release|Any CPU.ActiveCfg = Release|Any CPU
		{17FA0F18-1A05-49BA-886F-FDAB89A18B63}.Release|Any CPU.Build.0 = Release|Any CPU
		{AB33C3FE-AD9E-45D4-881A-A513E2EDA5FC}.Debug|Any CPU.ActiveCfg = Debug|Any CPU
		{AB33C3FE-AD9E-45D4-881A-A513E2EDA5FC}.Debug|Any CPU.Build.0 = Debug|Any CPU
		{AB33C3FE-AD9E-45D4-881A-A513E2EDA5FC}.Release|Any CPU.ActiveCfg = Release|Any CPU
		{AB33C3FE-AD9E-45D4-881A-A513E2EDA5FC}.Release|Any CPU.Build.0 = Release|Any CPU
		{80218D60-8050-499B-8057-0C4980ABDC97}.Debug|Any CPU.ActiveCfg = Debug|Any CPU
		{80218D60-8050-499B-8057-0C4980ABDC97}.Debug|Any CPU.Build.0 = Debug|Any CPU
		{80218D60-8050-499B-8057-0C4980ABDC97}.Release|Any CPU.ActiveCfg = Release|Any CPU
		{80218D60-8050-499B-8057-0C4980ABDC97}.Release|Any CPU.Build.0 = Release|Any CPU
		{5B071B85-84A6-4333-AEA1-37953735B8AB}.Debug|Any CPU.ActiveCfg = Debug|Any CPU
		{5B071B85-84A6-4333-AEA1-37953735B8AB}.Debug|Any CPU.Build.0 = Debug|Any CPU
		{5B071B85-84A6-4333-AEA1-37953735B8AB}.Release|Any CPU.ActiveCfg = Release|Any CPU
		{5B071B85-84A6-4333-AEA1-37953735B8AB}.Release|Any CPU.Build.0 = Release|Any CPU
		{E449783C-7C84-4E01-949C-C311AA17C4B1}.Debug|Any CPU.ActiveCfg = Debug|Any CPU
		{E449783C-7C84-4E01-949C-C311AA17C4B1}.Debug|Any CPU.Build.0 = Debug|Any CPU
		{E449783C-7C84-4E01-949C-C311AA17C4B1}.Release|Any CPU.ActiveCfg = Release|Any CPU
		{E449783C-7C84-4E01-949C-C311AA17C4B1}.Release|Any CPU.Build.0 = Release|Any CPU
		{C3A90ACA-7D60-4BA5-BF25-7546CA429C39}.Debug|Any CPU.ActiveCfg = Debug|Any CPU
		{C3A90ACA-7D60-4BA5-BF25-7546CA429C39}.Debug|Any CPU.Build.0 = Debug|Any CPU
		{C3A90ACA-7D60-4BA5-BF25-7546CA429C39}.Release|Any CPU.ActiveCfg = Release|Any CPU
		{C3A90ACA-7D60-4BA5-BF25-7546CA429C39}.Release|Any CPU.Build.0 = Release|Any CPU
		{0F6C2936-6193-4AD3-9C56-B07127C2F862}.Debug|Any CPU.ActiveCfg = Debug|Any CPU
		{0F6C2936-6193-4AD3-9C56-B07127C2F862}.Debug|Any CPU.Build.0 = Debug|Any CPU
		{0F6C2936-6193-4AD3-9C56-B07127C2F862}.Release|Any CPU.ActiveCfg = Release|Any CPU
		{0F6C2936-6193-4AD3-9C56-B07127C2F862}.Release|Any CPU.Build.0 = Release|Any CPU
		{5B6C9BF9-23EF-4CDF-9179-0C2EBF2E59BD}.Debug|Any CPU.ActiveCfg = Debug|Any CPU
		{5B6C9BF9-23EF-4CDF-9179-0C2EBF2E59BD}.Debug|Any CPU.Build.0 = Debug|Any CPU
		{5B6C9BF9-23EF-4CDF-9179-0C2EBF2E59BD}.Release|Any CPU.ActiveCfg = Release|Any CPU
		{5B6C9BF9-23EF-4CDF-9179-0C2EBF2E59BD}.Release|Any CPU.Build.0 = Release|Any CPU
		{8AC0B223-D2B1-45EF-869F-0F6A28E805CE}.Debug|Any CPU.ActiveCfg = Debug|Any CPU
		{8AC0B223-D2B1-45EF-869F-0F6A28E805CE}.Debug|Any CPU.Build.0 = Debug|Any CPU
		{8AC0B223-D2B1-45EF-869F-0F6A28E805CE}.Release|Any CPU.ActiveCfg = Release|Any CPU
		{8AC0B223-D2B1-45EF-869F-0F6A28E805CE}.Release|Any CPU.Build.0 = Release|Any CPU
		{A94F6C30-19D4-4957-96FA-33E1B034799B}.Debug|Any CPU.ActiveCfg = Debug|Any CPU
		{A94F6C30-19D4-4957-96FA-33E1B034799B}.Debug|Any CPU.Build.0 = Debug|Any CPU
		{A94F6C30-19D4-4957-96FA-33E1B034799B}.Release|Any CPU.ActiveCfg = Release|Any CPU
		{A94F6C30-19D4-4957-96FA-33E1B034799B}.Release|Any CPU.Build.0 = Release|Any CPU
		{0413FD2A-5DF8-478B-AB91-A04A0887F004}.Debug|Any CPU.ActiveCfg = Debug|Any CPU
		{0413FD2A-5DF8-478B-AB91-A04A0887F004}.Debug|Any CPU.Build.0 = Debug|Any CPU
		{0413FD2A-5DF8-478B-AB91-A04A0887F004}.Release|Any CPU.ActiveCfg = Release|Any CPU
		{0413FD2A-5DF8-478B-AB91-A04A0887F004}.Release|Any CPU.Build.0 = Release|Any CPU
		{F7476150-A22C-452A-9E28-D9BC676C33B1}.Debug|Any CPU.ActiveCfg = Debug|Any CPU
		{F7476150-A22C-452A-9E28-D9BC676C33B1}.Debug|Any CPU.Build.0 = Debug|Any CPU
		{F7476150-A22C-452A-9E28-D9BC676C33B1}.Release|Any CPU.ActiveCfg = Release|Any CPU
		{F7476150-A22C-452A-9E28-D9BC676C33B1}.Release|Any CPU.Build.0 = Release|Any CPU
		{B93698EB-98A4-49A3-87F1-A01424762205}.Debug|Any CPU.ActiveCfg = Debug|Any CPU
		{B93698EB-98A4-49A3-87F1-A01424762205}.Debug|Any CPU.Build.0 = Debug|Any CPU
		{B93698EB-98A4-49A3-87F1-A01424762205}.Release|Any CPU.ActiveCfg = Release|Any CPU
		{B93698EB-98A4-49A3-87F1-A01424762205}.Release|Any CPU.Build.0 = Release|Any CPU
		{7AB75F98-7CF1-40E1-9209-A0F4DCEAAF23}.Debug|Any CPU.ActiveCfg = Debug|Any CPU
		{7AB75F98-7CF1-40E1-9209-A0F4DCEAAF23}.Debug|Any CPU.Build.0 = Debug|Any CPU
		{7AB75F98-7CF1-40E1-9209-A0F4DCEAAF23}.Release|Any CPU.ActiveCfg = Release|Any CPU
		{7AB75F98-7CF1-40E1-9209-A0F4DCEAAF23}.Release|Any CPU.Build.0 = Release|Any CPU
		{FB48F218-5C4C-4FF7-AA54-78F1AD4F0978}.Debug|Any CPU.ActiveCfg = Debug|Any CPU
		{FB48F218-5C4C-4FF7-AA54-78F1AD4F0978}.Debug|Any CPU.Build.0 = Debug|Any CPU
		{FB48F218-5C4C-4FF7-AA54-78F1AD4F0978}.Release|Any CPU.ActiveCfg = Release|Any CPU
		{FB48F218-5C4C-4FF7-AA54-78F1AD4F0978}.Release|Any CPU.Build.0 = Release|Any CPU
		{CF7DA2A5-4174-470E-9E63-5D134DCAC64F}.Debug|Any CPU.ActiveCfg = Debug|Any CPU
		{CF7DA2A5-4174-470E-9E63-5D134DCAC64F}.Debug|Any CPU.Build.0 = Debug|Any CPU
		{CF7DA2A5-4174-470E-9E63-5D134DCAC64F}.Release|Any CPU.ActiveCfg = Release|Any CPU
		{CF7DA2A5-4174-470E-9E63-5D134DCAC64F}.Release|Any CPU.Build.0 = Release|Any CPU
		{FBDE3704-F69B-4372-8A0E-F272E9BAE742}.Debug|Any CPU.ActiveCfg = Debug|Any CPU
		{FBDE3704-F69B-4372-8A0E-F272E9BAE742}.Debug|Any CPU.Build.0 = Debug|Any CPU
		{FBDE3704-F69B-4372-8A0E-F272E9BAE742}.Release|Any CPU.ActiveCfg = Release|Any CPU
		{FBDE3704-F69B-4372-8A0E-F272E9BAE742}.Release|Any CPU.Build.0 = Release|Any CPU
		{76B13F30-F3B2-4DFD-B130-5F61D4434DC2}.Debug|Any CPU.ActiveCfg = Debug|Any CPU
		{76B13F30-F3B2-4DFD-B130-5F61D4434DC2}.Debug|Any CPU.Build.0 = Debug|Any CPU
		{76B13F30-F3B2-4DFD-B130-5F61D4434DC2}.Release|Any CPU.ActiveCfg = Release|Any CPU
		{76B13F30-F3B2-4DFD-B130-5F61D4434DC2}.Release|Any CPU.Build.0 = Release|Any CPU
		{8B5642E6-A04F-4633-8410-2F6D61E9C0B9}.Debug|Any CPU.ActiveCfg = Debug|Any CPU
		{8B5642E6-A04F-4633-8410-2F6D61E9C0B9}.Debug|Any CPU.Build.0 = Debug|Any CPU
		{8B5642E6-A04F-4633-8410-2F6D61E9C0B9}.Release|Any CPU.ActiveCfg = Release|Any CPU
		{8B5642E6-A04F-4633-8410-2F6D61E9C0B9}.Release|Any CPU.Build.0 = Release|Any CPU
		{156A45B7-379F-40B1-855F-C90BCF308E92}.Debug|Any CPU.ActiveCfg = Debug|Any CPU
		{156A45B7-379F-40B1-855F-C90BCF308E92}.Debug|Any CPU.Build.0 = Debug|Any CPU
		{156A45B7-379F-40B1-855F-C90BCF308E92}.Release|Any CPU.ActiveCfg = Release|Any CPU
		{156A45B7-379F-40B1-855F-C90BCF308E92}.Release|Any CPU.Build.0 = Release|Any CPU
		{BFC7AEA8-1FFF-4E4E-BE94-1114D5F88719}.Debug|Any CPU.ActiveCfg = Debug|Any CPU
		{BFC7AEA8-1FFF-4E4E-BE94-1114D5F88719}.Debug|Any CPU.Build.0 = Debug|Any CPU
		{BFC7AEA8-1FFF-4E4E-BE94-1114D5F88719}.Release|Any CPU.ActiveCfg = Release|Any CPU
		{BFC7AEA8-1FFF-4E4E-BE94-1114D5F88719}.Release|Any CPU.Build.0 = Release|Any CPU
		{69921E2B-2809-40B5-8AAE-BFE8B846A306}.Debug|Any CPU.ActiveCfg = Debug|Any CPU
		{69921E2B-2809-40B5-8AAE-BFE8B846A306}.Debug|Any CPU.Build.0 = Debug|Any CPU
		{69921E2B-2809-40B5-8AAE-BFE8B846A306}.Release|Any CPU.ActiveCfg = Release|Any CPU
		{69921E2B-2809-40B5-8AAE-BFE8B846A306}.Release|Any CPU.Build.0 = Release|Any CPU
		{A8F5B71C-4447-49E5-B0AB-518171AD2D82}.Debug|Any CPU.ActiveCfg = Debug|Any CPU
		{A8F5B71C-4447-49E5-B0AB-518171AD2D82}.Debug|Any CPU.Build.0 = Debug|Any CPU
		{A8F5B71C-4447-49E5-B0AB-518171AD2D82}.Release|Any CPU.ActiveCfg = Release|Any CPU
		{A8F5B71C-4447-49E5-B0AB-518171AD2D82}.Release|Any CPU.Build.0 = Release|Any CPU
		{D032E871-6CF0-4EA2-A15E-A6585237476A}.Debug|Any CPU.ActiveCfg = Debug|Any CPU
		{D032E871-6CF0-4EA2-A15E-A6585237476A}.Debug|Any CPU.Build.0 = Debug|Any CPU
		{D032E871-6CF0-4EA2-A15E-A6585237476A}.Release|Any CPU.ActiveCfg = Release|Any CPU
		{D032E871-6CF0-4EA2-A15E-A6585237476A}.Release|Any CPU.Build.0 = Release|Any CPU
		{E538587D-9F5D-4A35-8A4D-C439B3959D64}.Debug|Any CPU.ActiveCfg = Debug|Any CPU
		{E538587D-9F5D-4A35-8A4D-C439B3959D64}.Debug|Any CPU.Build.0 = Debug|Any CPU
		{E538587D-9F5D-4A35-8A4D-C439B3959D64}.Release|Any CPU.ActiveCfg = Release|Any CPU
		{E538587D-9F5D-4A35-8A4D-C439B3959D64}.Release|Any CPU.Build.0 = Release|Any CPU
		{7D0BC416-B990-4FA4-A207-E8C967CE49F5}.Debug|Any CPU.ActiveCfg = Debug|Any CPU
		{7D0BC416-B990-4FA4-A207-E8C967CE49F5}.Debug|Any CPU.Build.0 = Debug|Any CPU
		{7D0BC416-B990-4FA4-A207-E8C967CE49F5}.Release|Any CPU.ActiveCfg = Release|Any CPU
		{7D0BC416-B990-4FA4-A207-E8C967CE49F5}.Release|Any CPU.Build.0 = Release|Any CPU
		{74E5D411-9A5C-4211-A2CB-30FD4D95BB56}.Debug|Any CPU.ActiveCfg = Debug|Any CPU
		{74E5D411-9A5C-4211-A2CB-30FD4D95BB56}.Debug|Any CPU.Build.0 = Debug|Any CPU
		{74E5D411-9A5C-4211-A2CB-30FD4D95BB56}.Release|Any CPU.ActiveCfg = Release|Any CPU
		{74E5D411-9A5C-4211-A2CB-30FD4D95BB56}.Release|Any CPU.Build.0 = Release|Any CPU
		{E4030F32-C042-4CB5-9382-8948E2C3CC08}.Debug|Any CPU.ActiveCfg = Debug|Any CPU
		{E4030F32-C042-4CB5-9382-8948E2C3CC08}.Debug|Any CPU.Build.0 = Debug|Any CPU
		{E4030F32-C042-4CB5-9382-8948E2C3CC08}.Release|Any CPU.ActiveCfg = Release|Any CPU
		{E4030F32-C042-4CB5-9382-8948E2C3CC08}.Release|Any CPU.Build.0 = Release|Any CPU
		{FCDA7340-BA02-4195-AA59-C8379DBED830}.Debug|Any CPU.ActiveCfg = Debug|Any CPU
		{FCDA7340-BA02-4195-AA59-C8379DBED830}.Debug|Any CPU.Build.0 = Debug|Any CPU
		{FCDA7340-BA02-4195-AA59-C8379DBED830}.Release|Any CPU.ActiveCfg = Release|Any CPU
		{FCDA7340-BA02-4195-AA59-C8379DBED830}.Release|Any CPU.Build.0 = Release|Any CPU
		{DDD31A1E-446F-4A0E-9C99-8B599B7E6958}.Debug|Any CPU.ActiveCfg = Debug|Any CPU
		{DDD31A1E-446F-4A0E-9C99-8B599B7E6958}.Debug|Any CPU.Build.0 = Debug|Any CPU
		{DDD31A1E-446F-4A0E-9C99-8B599B7E6958}.Release|Any CPU.ActiveCfg = Release|Any CPU
		{DDD31A1E-446F-4A0E-9C99-8B599B7E6958}.Release|Any CPU.Build.0 = Release|Any CPU
		{621D79AA-5083-415D-876E-1656BBC2B4C1}.Debug|Any CPU.ActiveCfg = Debug|Any CPU
		{621D79AA-5083-415D-876E-1656BBC2B4C1}.Debug|Any CPU.Build.0 = Debug|Any CPU
		{621D79AA-5083-415D-876E-1656BBC2B4C1}.Release|Any CPU.ActiveCfg = Release|Any CPU
		{621D79AA-5083-415D-876E-1656BBC2B4C1}.Release|Any CPU.Build.0 = Release|Any CPU
		{DCCB5421-B8A3-4C73-B878-C60CC006C09D}.Debug|Any CPU.ActiveCfg = Debug|Any CPU
		{DCCB5421-B8A3-4C73-B878-C60CC006C09D}.Debug|Any CPU.Build.0 = Debug|Any CPU
		{DCCB5421-B8A3-4C73-B878-C60CC006C09D}.Release|Any CPU.ActiveCfg = Release|Any CPU
		{DCCB5421-B8A3-4C73-B878-C60CC006C09D}.Release|Any CPU.Build.0 = Release|Any CPU
		{A815FE3A-8936-4A75-89F0-DD7F8B5A4452}.Debug|Any CPU.ActiveCfg = Debug|Any CPU
		{A815FE3A-8936-4A75-89F0-DD7F8B5A4452}.Debug|Any CPU.Build.0 = Debug|Any CPU
		{A815FE3A-8936-4A75-89F0-DD7F8B5A4452}.Release|Any CPU.ActiveCfg = Release|Any CPU
		{A815FE3A-8936-4A75-89F0-DD7F8B5A4452}.Release|Any CPU.Build.0 = Release|Any CPU
		{A5CD3EDC-03E9-4D05-9F69-5C437FEAA1B8}.Debug|Any CPU.ActiveCfg = Debug|Any CPU
		{A5CD3EDC-03E9-4D05-9F69-5C437FEAA1B8}.Debug|Any CPU.Build.0 = Debug|Any CPU
		{A5CD3EDC-03E9-4D05-9F69-5C437FEAA1B8}.Release|Any CPU.ActiveCfg = Release|Any CPU
		{A5CD3EDC-03E9-4D05-9F69-5C437FEAA1B8}.Release|Any CPU.Build.0 = Release|Any CPU
		{F7B13CBA-ACAB-4ED7-BED9-96AB13CFA8A6}.Debug|Any CPU.ActiveCfg = Debug|Any CPU
		{F7B13CBA-ACAB-4ED7-BED9-96AB13CFA8A6}.Debug|Any CPU.Build.0 = Debug|Any CPU
		{F7B13CBA-ACAB-4ED7-BED9-96AB13CFA8A6}.Release|Any CPU.ActiveCfg = Release|Any CPU
		{F7B13CBA-ACAB-4ED7-BED9-96AB13CFA8A6}.Release|Any CPU.Build.0 = Release|Any CPU
		{3A568B11-2AA8-412A-8FA6-1ACC4047D16D}.Debug|Any CPU.ActiveCfg = Debug|Any CPU
		{3A568B11-2AA8-412A-8FA6-1ACC4047D16D}.Debug|Any CPU.Build.0 = Debug|Any CPU
		{3A568B11-2AA8-412A-8FA6-1ACC4047D16D}.Release|Any CPU.ActiveCfg = Release|Any CPU
		{3A568B11-2AA8-412A-8FA6-1ACC4047D16D}.Release|Any CPU.Build.0 = Release|Any CPU
		{C2D02266-5D21-4FCF-9310-489B98D55EA2}.Debug|Any CPU.ActiveCfg = Debug|Any CPU
		{C2D02266-5D21-4FCF-9310-489B98D55EA2}.Debug|Any CPU.Build.0 = Debug|Any CPU
		{C2D02266-5D21-4FCF-9310-489B98D55EA2}.Release|Any CPU.ActiveCfg = Release|Any CPU
		{C2D02266-5D21-4FCF-9310-489B98D55EA2}.Release|Any CPU.Build.0 = Release|Any CPU
		{6FAD95B7-E5A9-426D-8D7E-E6AF7F469F61}.Debug|Any CPU.ActiveCfg = Debug|Any CPU
		{6FAD95B7-E5A9-426D-8D7E-E6AF7F469F61}.Debug|Any CPU.Build.0 = Debug|Any CPU
		{6FAD95B7-E5A9-426D-8D7E-E6AF7F469F61}.Release|Any CPU.ActiveCfg = Release|Any CPU
		{6FAD95B7-E5A9-426D-8D7E-E6AF7F469F61}.Release|Any CPU.Build.0 = Release|Any CPU
		{B7A41FB8-66BF-42E8-9C57-3BA119FD2A0B}.Debug|Any CPU.ActiveCfg = Debug|Any CPU
		{B7A41FB8-66BF-42E8-9C57-3BA119FD2A0B}.Debug|Any CPU.Build.0 = Debug|Any CPU
		{B7A41FB8-66BF-42E8-9C57-3BA119FD2A0B}.Release|Any CPU.ActiveCfg = Release|Any CPU
		{B7A41FB8-66BF-42E8-9C57-3BA119FD2A0B}.Release|Any CPU.Build.0 = Release|Any CPU
		{968346CD-3C53-47B7-A3C1-DDDC10A5BB1C}.Debug|Any CPU.ActiveCfg = Debug|Any CPU
		{968346CD-3C53-47B7-A3C1-DDDC10A5BB1C}.Debug|Any CPU.Build.0 = Debug|Any CPU
		{968346CD-3C53-47B7-A3C1-DDDC10A5BB1C}.Release|Any CPU.ActiveCfg = Release|Any CPU
		{968346CD-3C53-47B7-A3C1-DDDC10A5BB1C}.Release|Any CPU.Build.0 = Release|Any CPU
		{93059EFA-505C-4A8F-AACC-653340753630}.Debug|Any CPU.ActiveCfg = Debug|Any CPU
		{93059EFA-505C-4A8F-AACC-653340753630}.Debug|Any CPU.Build.0 = Debug|Any CPU
		{93059EFA-505C-4A8F-AACC-653340753630}.Release|Any CPU.ActiveCfg = Release|Any CPU
		{93059EFA-505C-4A8F-AACC-653340753630}.Release|Any CPU.Build.0 = Release|Any CPU
		{C482498A-5CE1-41DB-8810-0E889162E01D}.Debug|Any CPU.ActiveCfg = Debug|Any CPU
		{C482498A-5CE1-41DB-8810-0E889162E01D}.Debug|Any CPU.Build.0 = Debug|Any CPU
		{C482498A-5CE1-41DB-8810-0E889162E01D}.Release|Any CPU.ActiveCfg = Release|Any CPU
		{C482498A-5CE1-41DB-8810-0E889162E01D}.Release|Any CPU.Build.0 = Release|Any CPU
		{CCC207CC-DEB0-4D85-B9C3-105DF4ED2772}.Debug|Any CPU.ActiveCfg = Debug|Any CPU
		{CCC207CC-DEB0-4D85-B9C3-105DF4ED2772}.Debug|Any CPU.Build.0 = Debug|Any CPU
		{CCC207CC-DEB0-4D85-B9C3-105DF4ED2772}.Release|Any CPU.ActiveCfg = Release|Any CPU
		{CCC207CC-DEB0-4D85-B9C3-105DF4ED2772}.Release|Any CPU.Build.0 = Release|Any CPU
		{735CF7B5-4746-4D7E-A8E4-B049483F4C94}.Debug|Any CPU.ActiveCfg = Debug|Any CPU
		{735CF7B5-4746-4D7E-A8E4-B049483F4C94}.Debug|Any CPU.Build.0 = Debug|Any CPU
		{735CF7B5-4746-4D7E-A8E4-B049483F4C94}.Release|Any CPU.ActiveCfg = Release|Any CPU
		{735CF7B5-4746-4D7E-A8E4-B049483F4C94}.Release|Any CPU.Build.0 = Release|Any CPU
		{C6B524E8-8E04-4074-9EFE-C7E4DBBD2609}.Debug|Any CPU.ActiveCfg = Debug|Any CPU
		{C6B524E8-8E04-4074-9EFE-C7E4DBBD2609}.Debug|Any CPU.Build.0 = Debug|Any CPU
		{C6B524E8-8E04-4074-9EFE-C7E4DBBD2609}.Release|Any CPU.ActiveCfg = Release|Any CPU
		{C6B524E8-8E04-4074-9EFE-C7E4DBBD2609}.Release|Any CPU.Build.0 = Release|Any CPU
		{D9771E1D-227E-4544-BCBE-36ED46ED57BC}.Debug|Any CPU.ActiveCfg = Debug|Any CPU
		{D9771E1D-227E-4544-BCBE-36ED46ED57BC}.Debug|Any CPU.Build.0 = Debug|Any CPU
		{D9771E1D-227E-4544-BCBE-36ED46ED57BC}.Release|Any CPU.ActiveCfg = Release|Any CPU
		{D9771E1D-227E-4544-BCBE-36ED46ED57BC}.Release|Any CPU.Build.0 = Release|Any CPU
	EndGlobalSection
	GlobalSection(NestedProjects) = preSolution
		{EC2C5CE6-2E67-41BF-8270-126367A61D2A} = {A6448884-BE4E-4A98-9A19-9F018E1D51CC}
		{17FA0F18-1A05-49BA-886F-FDAB89A18B63} = {EC2C5CE6-2E67-41BF-8270-126367A61D2A}
		{AB33C3FE-AD9E-45D4-881A-A513E2EDA5FC} = {EC2C5CE6-2E67-41BF-8270-126367A61D2A}
		{80218D60-8050-499B-8057-0C4980ABDC97} = {EC2C5CE6-2E67-41BF-8270-126367A61D2A}
		{5B071B85-84A6-4333-AEA1-37953735B8AB} = {EC2C5CE6-2E67-41BF-8270-126367A61D2A}
		{E449783C-7C84-4E01-949C-C311AA17C4B1} = {EC2C5CE6-2E67-41BF-8270-126367A61D2A}
		{C3A90ACA-7D60-4BA5-BF25-7546CA429C39} = {EC2C5CE6-2E67-41BF-8270-126367A61D2A}
		{0F6C2936-6193-4AD3-9C56-B07127C2F862} = {EC2C5CE6-2E67-41BF-8270-126367A61D2A}
		{5B6C9BF9-23EF-4CDF-9179-0C2EBF2E59BD} = {EC2C5CE6-2E67-41BF-8270-126367A61D2A}
		{8AC0B223-D2B1-45EF-869F-0F6A28E805CE} = {ECAB9917-BA27-4304-A078-9E41255F9B14}
		{A94F6C30-19D4-4957-96FA-33E1B034799B} = {ECAB9917-BA27-4304-A078-9E41255F9B14}
		{0413FD2A-5DF8-478B-AB91-A04A0887F004} = {ECAB9917-BA27-4304-A078-9E41255F9B14}
		{ECAB9917-BA27-4304-A078-9E41255F9B14} = {ADE5959B-5E36-4181-8EFF-590DDBF46D4C}
		{4C4561D1-1512-4447-AC9B-544CF7D0B385} = {3235E550-3A88-4034-A36A-E952469B3360}
		{EEB94EF5-BD0D-4816-B0E8-9D3F579A7B27} = {3235E550-3A88-4034-A36A-E952469B3360}
		{F7476150-A22C-452A-9E28-D9BC676C33B1} = {4C4561D1-1512-4447-AC9B-544CF7D0B385}
		{B93698EB-98A4-49A3-87F1-A01424762205} = {4C4561D1-1512-4447-AC9B-544CF7D0B385}
		{7AB75F98-7CF1-40E1-9209-A0F4DCEAAF23} = {4C4561D1-1512-4447-AC9B-544CF7D0B385}
		{FB48F218-5C4C-4FF7-AA54-78F1AD4F0978} = {4C4561D1-1512-4447-AC9B-544CF7D0B385}
		{CF7DA2A5-4174-470E-9E63-5D134DCAC64F} = {4C4561D1-1512-4447-AC9B-544CF7D0B385}
		{FBDE3704-F69B-4372-8A0E-F272E9BAE742} = {4C4561D1-1512-4447-AC9B-544CF7D0B385}
		{76B13F30-F3B2-4DFD-B130-5F61D4434DC2} = {4C4561D1-1512-4447-AC9B-544CF7D0B385}
		{8B5642E6-A04F-4633-8410-2F6D61E9C0B9} = {4C4561D1-1512-4447-AC9B-544CF7D0B385}
		{156A45B7-379F-40B1-855F-C90BCF308E92} = {4C4561D1-1512-4447-AC9B-544CF7D0B385}
		{B602F0E3-ACDF-44C6-AEB7-6B9B6538959A} = {C6889BC9-02EF-4CF1-A336-E69028E62297}
		{69921E2B-2809-40B5-8AAE-BFE8B846A306} = {B602F0E3-ACDF-44C6-AEB7-6B9B6538959A}
		{A8F5B71C-4447-49E5-B0AB-518171AD2D82} = {B602F0E3-ACDF-44C6-AEB7-6B9B6538959A}
		{D032E871-6CF0-4EA2-A15E-A6585237476A} = {B602F0E3-ACDF-44C6-AEB7-6B9B6538959A}
		{E538587D-9F5D-4A35-8A4D-C439B3959D64} = {B602F0E3-ACDF-44C6-AEB7-6B9B6538959A}
		{7D0BC416-B990-4FA4-A207-E8C967CE49F5} = {B602F0E3-ACDF-44C6-AEB7-6B9B6538959A}
		{74E5D411-9A5C-4211-A2CB-30FD4D95BB56} = {B602F0E3-ACDF-44C6-AEB7-6B9B6538959A}
		{E4030F32-C042-4CB5-9382-8948E2C3CC08} = {B602F0E3-ACDF-44C6-AEB7-6B9B6538959A}
		{FCDA7340-BA02-4195-AA59-C8379DBED830} = {B602F0E3-ACDF-44C6-AEB7-6B9B6538959A}
		{DDD31A1E-446F-4A0E-9C99-8B599B7E6958} = {EC2C5CE6-2E67-41BF-8270-126367A61D2A}
		{621D79AA-5083-415D-876E-1656BBC2B4C1} = {EEB94EF5-BD0D-4816-B0E8-9D3F579A7B27}
		{DCCB5421-B8A3-4C73-B878-C60CC006C09D} = {4C4561D1-1512-4447-AC9B-544CF7D0B385}
		{A815FE3A-8936-4A75-89F0-DD7F8B5A4452} = {4C4561D1-1512-4447-AC9B-544CF7D0B385}
		{A5CD3EDC-03E9-4D05-9F69-5C437FEAA1B8} = {4C4561D1-1512-4447-AC9B-544CF7D0B385}
		{F7B13CBA-ACAB-4ED7-BED9-96AB13CFA8A6} = {4C4561D1-1512-4447-AC9B-544CF7D0B385}
		{3A568B11-2AA8-412A-8FA6-1ACC4047D16D} = {4C4561D1-1512-4447-AC9B-544CF7D0B385}
		{093AFF34-DCE5-4BF2-BA84-AF085E1A9354} = {ED6EBF0C-2F4E-4D01-B8FE-3B2460D78BBB}
		{C2D02266-5D21-4FCF-9310-489B98D55EA2} = {093AFF34-DCE5-4BF2-BA84-AF085E1A9354}
		{6FAD95B7-E5A9-426D-8D7E-E6AF7F469F61} = {093AFF34-DCE5-4BF2-BA84-AF085E1A9354}
		{B7A41FB8-66BF-42E8-9C57-3BA119FD2A0B} = {093AFF34-DCE5-4BF2-BA84-AF085E1A9354}
		{968346CD-3C53-47B7-A3C1-DDDC10A5BB1C} = {093AFF34-DCE5-4BF2-BA84-AF085E1A9354}
		{93059EFA-505C-4A8F-AACC-653340753630} = {093AFF34-DCE5-4BF2-BA84-AF085E1A9354}
		{C482498A-5CE1-41DB-8810-0E889162E01D} = {093AFF34-DCE5-4BF2-BA84-AF085E1A9354}
		{CCC207CC-DEB0-4D85-B9C3-105DF4ED2772} = {093AFF34-DCE5-4BF2-BA84-AF085E1A9354}
		{735CF7B5-4746-4D7E-A8E4-B049483F4C94} = {093AFF34-DCE5-4BF2-BA84-AF085E1A9354}
		{C6B524E8-8E04-4074-9EFE-C7E4DBBD2609} = {093AFF34-DCE5-4BF2-BA84-AF085E1A9354}
		{D9771E1D-227E-4544-BCBE-36ED46ED57BC} = {093AFF34-DCE5-4BF2-BA84-AF085E1A9354}
	EndGlobalSection
EndGlobal
