
Microsoft Visual Studio Solution File, Format Version 12.00
# Visual Studio Version 17
VisualStudioVersion = 17.0.31903.59
MinimumVisualStudioVersion = 10.0.40219.1
Project("{2150E333-8FDC-42A3-9474-1A3956D46DE8}") = "Catalog", "Catalog", "{A6448884-BE4E-4A98-9A19-9F018E1D51CC}"
EndProject
Project("{2150E333-8FDC-42A3-9474-1A3956D46DE8}") = "src", "src", "{EC2C5CE6-2E67-41BF-8270-126367A61D2A}"
EndProject
Project("{FAE04EC0-301F-11D3-BF4B-00C04F79EFBC}") = "Web", "Catalog\src\Web\Web.csproj", "{17FA0F18-1A05-49BA-886F-FDAB89A18B63}"
EndProject
Project("{FAE04EC0-301F-11D3-BF4B-00C04F79EFBC}") = "Presentation", "Catalog\src\Presentation\Presentation.csproj", "{AB33C3FE-AD9E-45D4-881A-A513E2EDA5FC}"
EndProject
Project("{FAE04EC0-301F-11D3-BF4B-00C04F79EFBC}") = "Infrastructure", "Catalog\src\Infrastructure\Infrastructure.csproj", "{80218D60-8050-499B-8057-0C4980ABDC97}"
EndProject
Project("{FAE04EC0-301F-11D3-BF4B-00C04F79EFBC}") = "Domain", "Catalog\src\Domain\Domain.csproj", "{5B071B85-84A6-4333-AEA1-37953735B8AB}"
EndProject
Project("{FAE04EC0-301F-11D3-BF4B-00C04F79EFBC}") = "Contracts", "Catalog\src\Contracts\Contracts.csproj", "{E449783C-7C84-4E01-949C-C311AA17C4B1}"
EndProject
Project("{FAE04EC0-301F-11D3-BF4B-00C04F79EFBC}") = "Consumers", "Catalog\src\Consumers\Consumers.csproj", "{C3A90ACA-7D60-4BA5-BF25-7546CA429C39}"
EndProject
Project("{FAE04EC0-301F-11D3-BF4B-00C04F79EFBC}") = "Client", "Catalog\src\Client\Client.csproj", "{0F6C2936-6193-4AD3-9C56-B07127C2F862}"
EndProject
Project("{FAE04EC0-301F-11D3-BF4B-00C04F79EFBC}") = "Application", "Catalog\src\Application\Application.csproj", "{5B6C9BF9-23EF-4CDF-9179-0C2EBF2E59BD}"
EndProject
Project("{2150E333-8FDC-42A3-9474-1A3956D46DE8}") = "Site", "Site", "{ADE5959B-5E36-4181-8EFF-590DDBF46D4C}"
EndProject
Project("{FAE04EC0-301F-11D3-BF4B-00C04F79EFBC}") = "Site.Client", "Site\src\Client\Site.Client.csproj", "{8AC0B223-D2B1-45EF-869F-0F6A28E805CE}"
EndProject
Project("{FAE04EC0-301F-11D3-BF4B-00C04F79EFBC}") = "Site.Server", "Site\src\Server\Site.Server.csproj", "{A94F6C30-19D4-4957-96FA-33E1B034799B}"
EndProject
Project("{FAE04EC0-301F-11D3-BF4B-00C04F79EFBC}") = "Site.Shared", "Site\src\Shared\Site.Shared.csproj", "{0413FD2A-5DF8-478B-AB91-A04A0887F004}"
EndProject
Project("{2150E333-8FDC-42A3-9474-1A3956D46DE8}") = "src", "src", "{ECAB9917-BA27-4304-A078-9E41255F9B14}"
EndProject
Project("{2150E333-8FDC-42A3-9474-1A3956D46DE8}") = "Portal", "Portal", "{3235E550-3A88-4034-A36A-E952469B3360}"
EndProject
Project("{2150E333-8FDC-42A3-9474-1A3956D46DE8}") = "src", "src", "{4C4561D1-1512-4447-AC9B-544CF7D0B385}"
EndProject
Project("{2150E333-8FDC-42A3-9474-1A3956D46DE8}") = "test", "test", "{EEB94EF5-BD0D-4816-B0E8-9D3F579A7B27}"
EndProject
Project("{FAE04EC0-301F-11D3-BF4B-00C04F79EFBC}") = "ClientApp", "Portal\src\ClientApp\ClientApp.csproj", "{F7476150-A22C-452A-9E28-D9BC676C33B1}"
EndProject
Project("{FAE04EC0-301F-11D3-BF4B-00C04F79EFBC}") = "Client", "Portal\src\Client\Client.csproj", "{B93698EB-98A4-49A3-87F1-A01424762205}"
EndProject
Project("{FAE04EC0-301F-11D3-BF4B-00C04F79EFBC}") = "Application", "Portal\src\Application\Application.csproj", "{7AB75F98-7CF1-40E1-9209-A0F4DCEAAF23}"
EndProject
Project("{FAE04EC0-301F-11D3-BF4B-00C04F79EFBC}") = "Consumers", "Portal\src\Consumers\Consumers.csproj", "{FB48F218-5C4C-4FF7-AA54-78F1AD4F0978}"
EndProject
Project("{FAE04EC0-301F-11D3-BF4B-00C04F79EFBC}") = "Contracts", "Portal\src\Contracts\Contracts.csproj", "{CF7DA2A5-4174-470E-9E63-5D134DCAC64F}"
EndProject
Project("{FAE04EC0-301F-11D3-BF4B-00C04F79EFBC}") = "Domain", "Portal\src\Domain\Domain.csproj", "{FBDE3704-F69B-4372-8A0E-F272E9BAE742}"
EndProject
Project("{FAE04EC0-301F-11D3-BF4B-00C04F79EFBC}") = "Infrastructure", "Portal\src\Infrastructure\Infrastructure.csproj", "{76B13F30-F3B2-4DFD-B130-5F61D4434DC2}"
EndProject
Project("{FAE04EC0-301F-11D3-BF4B-00C04F79EFBC}") = "Presentation", "Portal\src\Presentation\Presentation.csproj", "{8B5642E6-A04F-4633-8410-2F6D61E9C0B9}"
EndProject
Project("{FAE04EC0-301F-11D3-BF4B-00C04F79EFBC}") = "Web", "Portal\src\Web\Web.csproj", "{156A45B7-379F-40B1-855F-C90BCF308E92}"
EndProject
Project("{FAE04EC0-301F-11D3-BF4B-00C04F79EFBC}") = "IdentityService", "IdentityService\IdentityService.csproj", "{BFC7AEA8-1FFF-4E4E-BE94-1114D5F88719}"
EndProject
Project("{2150E333-8FDC-42A3-9474-1A3956D46DE8}") = "Sales", "Sales", "{C6889BC9-02EF-4CF1-A336-E69028E62297}"
EndProject
Project("{2150E333-8FDC-42A3-9474-1A3956D46DE8}") = "src", "src", "{B602F0E3-ACDF-44C6-AEB7-6B9B6538959A}"
EndProject
Project("{FAE04EC0-301F-11D3-BF4B-00C04F79EFBC}") = "Application", "Sales\src\Application\Application.csproj", "{69921E2B-2809-40B5-8AAE-BFE8B846A306}"
EndProject
Project("{FAE04EC0-301F-11D3-BF4B-00C04F79EFBC}") = "Client", "Sales\src\Client\Client.csproj", "{A8F5B71C-4447-49E5-B0AB-518171AD2D82}"
EndProject
Project("{FAE04EC0-301F-11D3-BF4B-00C04F79EFBC}") = "Consumers", "Sales\src\Consumers\Consumers.csproj", "{D032E871-6CF0-4EA2-A15E-A6585237476A}"
EndProject
Project("{FAE04EC0-301F-11D3-BF4B-00C04F79EFBC}") = "Contracts", "Sales\src\Contracts\Contracts.csproj", "{E538587D-9F5D-4A35-8A4D-C439B3959D64}"
EndProject
Project("{FAE04EC0-301F-11D3-BF4B-00C04F79EFBC}") = "Domain", "Sales\src\Domain\Domain.csproj", "{7D0BC416-B990-4FA4-A207-E8C967CE49F5}"
EndProject
Project("{FAE04EC0-301F-11D3-BF4B-00C04F79EFBC}") = "Infrastructure", "Sales\src\Infrastructure\Infrastructure.csproj", "{74E5D411-9A5C-4211-A2CB-30FD4D95BB56}"
EndProject
Project("{FAE04EC0-301F-11D3-BF4B-00C04F79EFBC}") = "Presentation", "Sales\src\Presentation\Presentation.csproj", "{E4030F32-C042-4CB5-9382-8948E2C3CC08}"
EndProject
Project("{FAE04EC0-301F-11D3-BF4B-00C04F79EFBC}") = "Web", "Sales\src\Web\Web.csproj", "{FCDA7340-BA02-4195-AA59-C8379DBED830}"
EndProject
Project("{FAE04EC0-301F-11D3-BF4B-00C04F79EFBC}") = "Catalog.UI", "Catalog\src\Catalog.UI\Catalog.UI.csproj", "{DDD31A1E-446F-4A0E-9C99-8B599B7E6958}"
EndProject
Project("{FAE04EC0-301F-11D3-BF4B-00C04F79EFBC}") = "Portal.Modules", "Portal\src\Portal.Modules\Portal.Modules.csproj", "{DCCB5421-B8A3-4C73-B878-C60CC006C09D}"
EndProject
Project("{FAE04EC0-301F-11D3-BF4B-00C04F79EFBC}") = "Portal.Modules.Loader", "Portal\src\Portal.Modules.Loader\Portal.Modules.Loader.csproj", "{A815FE3A-8936-4A75-89F0-DD7F8B5A4452}"
EndProject
Project("{FAE04EC0-301F-11D3-BF4B-00C04F79EFBC}") = "Portal.Shared", "Portal\src\Portal.Shared\Portal.Shared.csproj", "{A5CD3EDC-03E9-4D05-9F69-5C437FEAA1B8}"
EndProject
Project("{FAE04EC0-301F-11D3-BF4B-00C04F79EFBC}") = "Portal.Theming", "Portal\src\Portal.Theming\Portal.Theming.csproj", "{F7B13CBA-ACAB-4ED7-BED9-96AB13CFA8A6}"
EndProject
Project("{FAE04EC0-301F-11D3-BF4B-00C04F79EFBC}") = "Portal.Services", "Portal\src\Portal.Services\Portal.Services.csproj", "{3A568B11-2AA8-412A-8FA6-1ACC4047D16D}"
EndProject
Project("{2150E333-8FDC-42A3-9474-1A3956D46DE8}") = "Inventory", "Inventory", "{ED6EBF0C-2F4E-4D01-B8FE-3B2460D78BBB}"
EndProject
Project("{2150E333-8FDC-42A3-9474-1A3956D46DE8}") = "src", "src", "{093AFF34-DCE5-4BF2-BA84-AF085E1A9354}"
EndProject
Project("{FAE04EC0-301F-11D3-BF4B-00C04F79EFBC}") = "Application", "Inventory\src\Application\Application.csproj", "{C2D02266-5D21-4FCF-9310-489B98D55EA2}"
EndProject
Project("{FAE04EC0-301F-11D3-BF4B-00C04F79EFBC}") = "Client", "Inventory\src\Client\Client.csproj", "{6FAD95B7-E5A9-426D-8D7E-E6AF7F469F61}"
EndProject
Project("{FAE04EC0-301F-11D3-BF4B-00C04F79EFBC}") = "Consumers", "Inventory\src\Consumers\Consumers.csproj", "{B7A41FB8-66BF-42E8-9C57-3BA119FD2A0B}"
EndProject
Project("{FAE04EC0-301F-11D3-BF4B-00C04F79EFBC}") = "Contracts", "Inventory\src\Contracts\Contracts.csproj", "{968346CD-3C53-47B7-A3C1-DDDC10A5BB1C}"
EndProject
Project("{FAE04EC0-301F-11D3-BF4B-00C04F79EFBC}") = "Domain", "Inventory\src\Domain\Domain.csproj", "{93059EFA-505C-4A8F-AACC-653340753630}"
EndProject
Project("{FAE04EC0-301F-11D3-BF4B-00C04F79EFBC}") = "Infrastructure", "Inventory\src\Infrastructure\Infrastructure.csproj", "{C482498A-5CE1-41DB-8810-0E889162E01D}"
EndProject
Project("{FAE04EC0-301F-11D3-BF4B-00C04F79EFBC}") = "Inventory.Components", "Inventory\src\Inventory.Components\Inventory.Components.csproj", "{CCC207CC-DEB0-4D85-B9C3-105DF4ED2772}"
EndProject
Project("{FAE04EC0-301F-11D3-BF4B-00C04F79EFBC}") = "Inventory.UI", "Inventory\src\Inventory.UI\Inventory.UI.csproj", "{735CF7B5-4746-4D7E-A8E4-B049483F4C94}"
EndProject
Project("{FAE04EC0-301F-11D3-BF4B-00C04F79EFBC}") = "Presentation", "Inventory\src\Presentation\Presentation.csproj", "{C6B524E8-8E04-4074-9EFE-C7E4DBBD2609}"
EndProject
Project("{FAE04EC0-301F-11D3-BF4B-00C04F79EFBC}") = "Web", "Inventory\src\Web\Web.csproj", "{D9771E1D-227E-4544-BCBE-36ED46ED57BC}"
EndProject
Project("{2150E333-8FDC-42A3-9474-1A3956D46DE8}") = "Customers", "Customers", "{4DB153CA-34C5-4673-80D0-A9EAA511E74B}"
EndProject
Project("{2150E333-8FDC-42A3-9474-1A3956D46DE8}") = "src", "src", "{841DE5CB-E17B-4F37-A5D9-101F3095AC72}"
EndProject
Project("{FAE04EC0-301F-11D3-BF4B-00C04F79EFBC}") = "Application", "Customers\src\Application\Application.csproj", "{5E6D6541-83C6-46C4-B4EB-C4C8CF54CABD}"
EndProject
Project("{FAE04EC0-301F-11D3-BF4B-00C04F79EFBC}") = "Client", "Customers\src\Client\Client.csproj", "{95DC9309-72DC-4FEE-96D7-CCD23FE2EE94}"
EndProject
Project("{FAE04EC0-301F-11D3-BF4B-00C04F79EFBC}") = "Consumers", "Customers\src\Consumers\Consumers.csproj", "{38DF1247-1D32-4963-9022-BEA784E3A9E8}"
EndProject
Project("{FAE04EC0-301F-11D3-BF4B-00C04F79EFBC}") = "Contracts", "Customers\src\Contracts\Contracts.csproj", "{F0D35D42-5FAC-4110-9C30-CC0B60D33976}"
EndProject
Project("{FAE04EC0-301F-11D3-BF4B-00C04F79EFBC}") = "Domain", "Customers\src\Domain\Domain.csproj", "{821D9763-30E3-4348-8C1B-E027C3664084}"
EndProject
Project("{FAE04EC0-301F-11D3-BF4B-00C04F79EFBC}") = "Infrastructure", "Customers\src\Infrastructure\Infrastructure.csproj", "{032ABB53-BEFB-472E-9BA4-DD7A3684821E}"
EndProject
Project("{FAE04EC0-301F-11D3-BF4B-00C04F79EFBC}") = "Customers.Components", "Customers\src\Customers.Components\Customers.Components.csproj", "{499F6B74-80E3-4585-BA09-D482D7AE05AD}"
EndProject
Project("{FAE04EC0-301F-11D3-BF4B-00C04F79EFBC}") = "Customers.UI", "Customers\src\Customers.UI\Customers.UI.csproj", "{032F1939-061B-4188-909C-BAA2A41EA67E}"
EndProject
Project("{FAE04EC0-301F-11D3-BF4B-00C04F79EFBC}") = "Presentation", "Customers\src\Presentation\Presentation.csproj", "{F22C04C9-9FD3-4512-ABDC-441AEE0BD99D}"
EndProject
Project("{FAE04EC0-301F-11D3-BF4B-00C04F79EFBC}") = "Web", "Customers\src\Web\Web.csproj", "{A79D7914-7C5F-488E-87D2-A3495831FD7D}"
EndProject
Project("{FAE04EC0-301F-11D3-BF4B-00C04F79EFBC}") = "Site.Client.Authentication", "Site\src\Site.Client.Authentication\Site.Client.Authentication.csproj", "{C6566F13-B785-4BCC-A633-BB65672ED9B8}"
EndProject
Project("{FAE04EC0-301F-11D3-BF4B-00C04F79EFBC}") = "Site.Server.Authentication", "Site\src\Site.Server.Authentication\Site.Server.Authentication.csproj", "{4E7D5ED2-14AD-479D-A5BC-F528C5FD3CA6}"
EndProject
Project("{FAE04EC0-301F-11D3-BF4B-00C04F79EFBC}") = "Sales.Components", "Sales\src\Sales.Components\Sales.Components.csproj", "{3790FD1F-82EB-44AB-AD6D-911163EA3559}"
EndProject
Project("{FAE04EC0-301F-11D3-BF4B-00C04F79EFBC}") = "Sales.UI", "Sales\src\Sales.UI\Sales.UI.csproj", "{C41863F4-AA0F-4F54-BE67-15CC84608A12}"
EndProject
Project("{FAE04EC0-301F-11D3-BF4B-00C04F79EFBC}") = "Core", "Sales\src\Core\Core.csproj", "{2910D843-F4F4-4506-8A33-0582DA0BE448}"
EndProject
Project("{FAE04EC0-301F-11D3-BF4B-00C04F79EFBC}") = "ClientApp.Tests", "Portal\test\ClientApp.Tests\ClientApp.Tests.csproj", "{535D65DF-4DC6-4A29-8872-7293DDBE07D2}"
EndProject
Project("{2150E333-8FDC-42A3-9474-1A3956D46DE8}") = "Marketing", "Marketing", "{4866D949-5809-451C-A8D0-957D111AD00C}"
EndProject
Project("{2150E333-8FDC-42A3-9474-1A3956D46DE8}") = "src", "src", "{55EF5C8D-D6A6-47BC-B2AE-CBE6591E8DC5}"
EndProject
Project("{FAE04EC0-301F-11D3-BF4B-00C04F79EFBC}") = "Application", "Marketing\src\Application\Application.csproj", "{45F37A25-B345-4CFA-9A3B-7DACE6B42B9A}"
EndProject
Project("{FAE04EC0-301F-11D3-BF4B-00C04F79EFBC}") = "Client", "Marketing\src\Client\Client.csproj", "{5A597BAF-3FDF-427A-985E-A00A5B01397E}"
EndProject
Project("{FAE04EC0-301F-11D3-BF4B-00C04F79EFBC}") = "Consumers", "Marketing\src\Consumers\Consumers.csproj", "{6870B6B4-9B75-477A-8B63-018A6E7B1864}"
EndProject
Project("{FAE04EC0-301F-11D3-BF4B-00C04F79EFBC}") = "Contracts", "Marketing\src\Contracts\Contracts.csproj", "{9A0F1482-FAE9-4B26-841E-F6EB072A9014}"
EndProject
Project("{FAE04EC0-301F-11D3-BF4B-00C04F79EFBC}") = "Domain", "Marketing\src\Domain\Domain.csproj", "{A40C8EF2-8D1F-40EB-BE06-3D59A418706B}"
EndProject
Project("{FAE04EC0-301F-11D3-BF4B-00C04F79EFBC}") = "Infrastructure", "Marketing\src\Infrastructure\Infrastructure.csproj", "{1818783A-E984-4077-90DB-1671681B1D74}"
EndProject
Project("{FAE04EC0-301F-11D3-BF4B-00C04F79EFBC}") = "Marketing.Components", "Marketing\src\Marketing.Components\Marketing.Components.csproj", "{22849061-AA70-49DB-B13F-AA8E0A746FAA}"
EndProject
Project("{FAE04EC0-301F-11D3-BF4B-00C04F79EFBC}") = "Marketing.UI", "Marketing\src\Marketing.UI\Marketing.UI.csproj", "{BC0A8774-E1D3-41CF-8037-5579487C9816}"
EndProject
Project("{FAE04EC0-301F-11D3-BF4B-00C04F79EFBC}") = "Presentation", "Marketing\src\Presentation\Presentation.csproj", "{B92F5B6B-BE06-4259-BAFF-92EDC1767430}"
EndProject
Project("{FAE04EC0-301F-11D3-BF4B-00C04F79EFBC}") = "Web", "Marketing\src\Web\Web.csproj", "{591DF9C1-E02C-45CA-947C-C0762E9F1D38}"
EndProject
Project("{2150E333-8FDC-42A3-9474-1A3956D46DE8}") = "Analytics", "Analytics", "{AB551726-40FE-4A0D-B73F-CF2C4095D98E}"
EndProject
Project("{2150E333-8FDC-42A3-9474-1A3956D46DE8}") = "src", "src", "{D3FFE529-765E-4739-A781-8DACBE41415B}"
EndProject
Project("{FAE04EC0-301F-11D3-BF4B-00C04F79EFBC}") = "Analytics.Components", "Analytics\src\Analytics.Components\Analytics.Components.csproj", "{A5F7FED0-E05D-4B5D-9F07-D792AB468BDB}"
EndProject
Project("{FAE04EC0-301F-11D3-BF4B-00C04F79EFBC}") = "Analytics.UI", "Analytics\src\Analytics.UI\Analytics.UI.csproj", "{2A468CB3-A5A4-44A1-8686-5A3083CC2A3A}"
EndProject
Project("{FAE04EC0-301F-11D3-BF4B-00C04F79EFBC}") = "Application", "Analytics\src\Application\Application.csproj", "{A5253CAA-0C70-45B1-985D-961C5026C1A6}"
EndProject
Project("{FAE04EC0-301F-11D3-BF4B-00C04F79EFBC}") = "Client", "Analytics\src\Client\Client.csproj", "{A7FBC5D9-0916-4DA8-9784-EFBE681EBCED}"
EndProject
Project("{FAE04EC0-301F-11D3-BF4B-00C04F79EFBC}") = "Consumers", "Analytics\src\Consumers\Consumers.csproj", "{1CB75283-81D3-4688-984A-1747F026BA44}"
EndProject
Project("{FAE04EC0-301F-11D3-BF4B-00C04F79EFBC}") = "Contracts", "Analytics\src\Contracts\Contracts.csproj", "{8B476AE8-F9A2-4A0D-B575-4E351E8AF242}"
EndProject
Project("{FAE04EC0-301F-11D3-BF4B-00C04F79EFBC}") = "Domain", "Analytics\src\Domain\Domain.csproj", "{1B514B44-1EF4-4ED4-9307-8FA63DE505F9}"
EndProject
Project("{FAE04EC0-301F-11D3-BF4B-00C04F79EFBC}") = "Infrastructure", "Analytics\src\Infrastructure\Infrastructure.csproj", "{728F3CBB-1257-4724-B133-2259EAABA2C1}"
EndProject
Project("{FAE04EC0-301F-11D3-BF4B-00C04F79EFBC}") = "Presentation", "Analytics\src\Presentation\Presentation.csproj", "{15F977E0-0C26-423C-8F37-0665901BD12E}"
EndProject
Project("{FAE04EC0-301F-11D3-BF4B-00C04F79EFBC}") = "Web", "Analytics\src\Web\Web.csproj", "{E58D86F8-51E7-4E7A-8DB2-1C86339586E8}"
EndProject
Project("{FAE04EC0-301F-11D3-BF4B-00C04F79EFBC}") = "Site.Services", "Site\src\Site.Services\Site.Services.csproj", "{5FB011EB-019A-47C5-AF30-9E5FFE8F06A0}"
EndProject
Project("{FAE04EC0-301F-11D3-BF4B-00C04F79EFBC}") = "Site.Components", "Site\src\Site.Components\Site.Components.csproj", "{305304EF-7AEC-47D1-A6A2-BE3347508999}"
EndProject
Project("{2150E333-8FDC-42A3-9474-1A3956D46DE8}") = "StoreFront", "StoreFront", "{62BC5CF0-3999-4516-90DD-AAE5182DF54B}"
EndProject
Project("{2150E333-8FDC-42A3-9474-1A3956D46DE8}") = "src", "src", "{F62B52AA-994D-4388-A158-59B2D6D5A4E6}"
EndProject
Project("{FAE04EC0-301F-11D3-BF4B-00C04F79EFBC}") = "Application", "StoreFront\src\Application\Application.csproj", "{207F7E24-07DD-46DE-9CFC-A5ABE480BDDC}"
EndProject
Project("{FAE04EC0-301F-11D3-BF4B-00C04F79EFBC}") = "Client", "StoreFront\src\Client\Client.csproj", "{8EFE7D06-1551-4BE5-A353-ECC3F1EAF2D1}"
EndProject
Project("{FAE04EC0-301F-11D3-BF4B-00C04F79EFBC}") = "Consumers", "StoreFront\src\Consumers\Consumers.csproj", "{3316C562-9341-4670-B139-ED1E04073F69}"
EndProject
Project("{FAE04EC0-301F-11D3-BF4B-00C04F79EFBC}") = "Contracts", "StoreFront\src\Contracts\Contracts.csproj", "{68F1B7CA-4535-4138-872D-5AF80EE0DC46}"
EndProject
Project("{FAE04EC0-301F-11D3-BF4B-00C04F79EFBC}") = "Domain", "StoreFront\src\Domain\Domain.csproj", "{4F458D16-5245-4FCD-B2E2-59A467BFAD50}"
EndProject
Project("{FAE04EC0-301F-11D3-BF4B-00C04F79EFBC}") = "Infrastructure", "StoreFront\src\Infrastructure\Infrastructure.csproj", "{5A5B39A0-E47C-4EF1-ADD3-ECBE28D7AFCE}"
EndProject
Project("{FAE04EC0-301F-11D3-BF4B-00C04F79EFBC}") = "Presentation", "StoreFront\src\Presentation\Presentation.csproj", "{12A7C4B0-368A-42B6-8BB9-0AD48340A00F}"
EndProject
Project("{FAE04EC0-301F-11D3-BF4B-00C04F79EFBC}") = "StoreFront.Components", "StoreFront\src\StoreFront.Components\StoreFront.Components.csproj", "{59B1AF12-641E-4EDF-9561-50B269234BBE}"
EndProject
Project("{FAE04EC0-301F-11D3-BF4B-00C04F79EFBC}") = "StoreFront.UI", "StoreFront\src\StoreFront.UI\StoreFront.UI.csproj", "{9E29EFAD-315C-44ED-BB57-2C34CC4EB1DD}"
EndProject
Project("{FAE04EC0-301F-11D3-BF4B-00C04F79EFBC}") = "Web", "StoreFront\src\Web\Web.csproj", "{D4EFA787-CC1E-4842-8C46-E5430030B537}"
EndProject
Project("{FAE04EC0-301F-11D3-BF4B-00C04F79EFBC}") = "HealthChecks", "HealthChecks\HealthChecks.csproj", "{190EFB94-FA8B-442A-9DAE-C61CCAFDABBC}"
EndProject
Global
	GlobalSection(SolutionConfigurationPlatforms) = preSolution
		Debug|Any CPU = Debug|Any CPU
		Release|Any CPU = Release|Any CPU
	EndGlobalSection
	GlobalSection(SolutionProperties) = preSolution
		HideSolutionNode = FALSE
	EndGlobalSection
	GlobalSection(ProjectConfigurationPlatforms) = postSolution
		{17FA0F18-1A05-49BA-886F-FDAB89A18B63}.Debug|Any CPU.ActiveCfg = Debug|Any CPU
		{17FA0F18-1A05-49BA-886F-FDAB89A18B63}.Debug|Any CPU.Build.0 = Debug|Any CPU
		{17FA0F18-1A05-49BA-886F-FDAB89A18B63}.Release|Any CPU.ActiveCfg = Release|Any CPU
		{17FA0F18-1A05-49BA-886F-FDAB89A18B63}.Release|Any CPU.Build.0 = Release|Any CPU
		{AB33C3FE-AD9E-45D4-881A-A513E2EDA5FC}.Debug|Any CPU.ActiveCfg = Debug|Any CPU
		{AB33C3FE-AD9E-45D4-881A-A513E2EDA5FC}.Debug|Any CPU.Build.0 = Debug|Any CPU
		{AB33C3FE-AD9E-45D4-881A-A513E2EDA5FC}.Release|Any CPU.ActiveCfg = Release|Any CPU
		{AB33C3FE-AD9E-45D4-881A-A513E2EDA5FC}.Release|Any CPU.Build.0 = Release|Any CPU
		{80218D60-8050-499B-8057-0C4980ABDC97}.Debug|Any CPU.ActiveCfg = Debug|Any CPU
		{80218D60-8050-499B-8057-0C4980ABDC97}.Debug|Any CPU.Build.0 = Debug|Any CPU
		{80218D60-8050-499B-8057-0C4980ABDC97}.Release|Any CPU.ActiveCfg = Release|Any CPU
		{80218D60-8050-499B-8057-0C4980ABDC97}.Release|Any CPU.Build.0 = Release|Any CPU
		{5B071B85-84A6-4333-AEA1-37953735B8AB}.Debug|Any CPU.ActiveCfg = Debug|Any CPU
		{5B071B85-84A6-4333-AEA1-37953735B8AB}.Debug|Any CPU.Build.0 = Debug|Any CPU
		{5B071B85-84A6-4333-AEA1-37953735B8AB}.Release|Any CPU.ActiveCfg = Release|Any CPU
		{5B071B85-84A6-4333-AEA1-37953735B8AB}.Release|Any CPU.Build.0 = Release|Any CPU
		{E449783C-7C84-4E01-949C-C311AA17C4B1}.Debug|Any CPU.ActiveCfg = Debug|Any CPU
		{E449783C-7C84-4E01-949C-C311AA17C4B1}.Debug|Any CPU.Build.0 = Debug|Any CPU
		{E449783C-7C84-4E01-949C-C311AA17C4B1}.Release|Any CPU.ActiveCfg = Release|Any CPU
		{E449783C-7C84-4E01-949C-C311AA17C4B1}.Release|Any CPU.Build.0 = Release|Any CPU
		{C3A90ACA-7D60-4BA5-BF25-7546CA429C39}.Debug|Any CPU.ActiveCfg = Debug|Any CPU
		{C3A90ACA-7D60-4BA5-BF25-7546CA429C39}.Debug|Any CPU.Build.0 = Debug|Any CPU
		{C3A90ACA-7D60-4BA5-BF25-7546CA429C39}.Release|Any CPU.ActiveCfg = Release|Any CPU
		{C3A90ACA-7D60-4BA5-BF25-7546CA429C39}.Release|Any CPU.Build.0 = Release|Any CPU
		{0F6C2936-6193-4AD3-9C56-B07127C2F862}.Debug|Any CPU.ActiveCfg = Debug|Any CPU
		{0F6C2936-6193-4AD3-9C56-B07127C2F862}.Debug|Any CPU.Build.0 = Debug|Any CPU
		{0F6C2936-6193-4AD3-9C56-B07127C2F862}.Release|Any CPU.ActiveCfg = Release|Any CPU
		{0F6C2936-6193-4AD3-9C56-B07127C2F862}.Release|Any CPU.Build.0 = Release|Any CPU
		{5B6C9BF9-23EF-4CDF-9179-0C2EBF2E59BD}.Debug|Any CPU.ActiveCfg = Debug|Any CPU
		{5B6C9BF9-23EF-4CDF-9179-0C2EBF2E59BD}.Debug|Any CPU.Build.0 = Debug|Any CPU
		{5B6C9BF9-23EF-4CDF-9179-0C2EBF2E59BD}.Release|Any CPU.ActiveCfg = Release|Any CPU
		{5B6C9BF9-23EF-4CDF-9179-0C2EBF2E59BD}.Release|Any CPU.Build.0 = Release|Any CPU
		{8AC0B223-D2B1-45EF-869F-0F6A28E805CE}.Debug|Any CPU.ActiveCfg = Debug|Any CPU
		{8AC0B223-D2B1-45EF-869F-0F6A28E805CE}.Debug|Any CPU.Build.0 = Debug|Any CPU
		{8AC0B223-D2B1-45EF-869F-0F6A28E805CE}.Release|Any CPU.ActiveCfg = Release|Any CPU
		{8AC0B223-D2B1-45EF-869F-0F6A28E805CE}.Release|Any CPU.Build.0 = Release|Any CPU
		{A94F6C30-19D4-4957-96FA-33E1B034799B}.Debug|Any CPU.ActiveCfg = Debug|Any CPU
		{A94F6C30-19D4-4957-96FA-33E1B034799B}.Debug|Any CPU.Build.0 = Debug|Any CPU
		{A94F6C30-19D4-4957-96FA-33E1B034799B}.Release|Any CPU.ActiveCfg = Release|Any CPU
		{A94F6C30-19D4-4957-96FA-33E1B034799B}.Release|Any CPU.Build.0 = Release|Any CPU
		{0413FD2A-5DF8-478B-AB91-A04A0887F004}.Debug|Any CPU.ActiveCfg = Debug|Any CPU
		{0413FD2A-5DF8-478B-AB91-A04A0887F004}.Debug|Any CPU.Build.0 = Debug|Any CPU
		{0413FD2A-5DF8-478B-AB91-A04A0887F004}.Release|Any CPU.ActiveCfg = Release|Any CPU
		{0413FD2A-5DF8-478B-AB91-A04A0887F004}.Release|Any CPU.Build.0 = Release|Any CPU
		{F7476150-A22C-452A-9E28-D9BC676C33B1}.Debug|Any CPU.ActiveCfg = Debug|Any CPU
		{F7476150-A22C-452A-9E28-D9BC676C33B1}.Debug|Any CPU.Build.0 = Debug|Any CPU
		{F7476150-A22C-452A-9E28-D9BC676C33B1}.Release|Any CPU.ActiveCfg = Release|Any CPU
		{F7476150-A22C-452A-9E28-D9BC676C33B1}.Release|Any CPU.Build.0 = Release|Any CPU
		{B93698EB-98A4-49A3-87F1-A01424762205}.Debug|Any CPU.ActiveCfg = Debug|Any CPU
		{B93698EB-98A4-49A3-87F1-A01424762205}.Debug|Any CPU.Build.0 = Debug|Any CPU
		{B93698EB-98A4-49A3-87F1-A01424762205}.Release|Any CPU.ActiveCfg = Release|Any CPU
		{B93698EB-98A4-49A3-87F1-A01424762205}.Release|Any CPU.Build.0 = Release|Any CPU
		{7AB75F98-7CF1-40E1-9209-A0F4DCEAAF23}.Debug|Any CPU.ActiveCfg = Debug|Any CPU
		{7AB75F98-7CF1-40E1-9209-A0F4DCEAAF23}.Debug|Any CPU.Build.0 = Debug|Any CPU
		{7AB75F98-7CF1-40E1-9209-A0F4DCEAAF23}.Release|Any CPU.ActiveCfg = Release|Any CPU
		{7AB75F98-7CF1-40E1-9209-A0F4DCEAAF23}.Release|Any CPU.Build.0 = Release|Any CPU
		{FB48F218-5C4C-4FF7-AA54-78F1AD4F0978}.Debug|Any CPU.ActiveCfg = Debug|Any CPU
		{FB48F218-5C4C-4FF7-AA54-78F1AD4F0978}.Debug|Any CPU.Build.0 = Debug|Any CPU
		{FB48F218-5C4C-4FF7-AA54-78F1AD4F0978}.Release|Any CPU.ActiveCfg = Release|Any CPU
		{FB48F218-5C4C-4FF7-AA54-78F1AD4F0978}.Release|Any CPU.Build.0 = Release|Any CPU
		{CF7DA2A5-4174-470E-9E63-5D134DCAC64F}.Debug|Any CPU.ActiveCfg = Debug|Any CPU
		{CF7DA2A5-4174-470E-9E63-5D134DCAC64F}.Debug|Any CPU.Build.0 = Debug|Any CPU
		{CF7DA2A5-4174-470E-9E63-5D134DCAC64F}.Release|Any CPU.ActiveCfg = Release|Any CPU
		{CF7DA2A5-4174-470E-9E63-5D134DCAC64F}.Release|Any CPU.Build.0 = Release|Any CPU
		{FBDE3704-F69B-4372-8A0E-F272E9BAE742}.Debug|Any CPU.ActiveCfg = Debug|Any CPU
		{FBDE3704-F69B-4372-8A0E-F272E9BAE742}.Debug|Any CPU.Build.0 = Debug|Any CPU
		{FBDE3704-F69B-4372-8A0E-F272E9BAE742}.Release|Any CPU.ActiveCfg = Release|Any CPU
		{FBDE3704-F69B-4372-8A0E-F272E9BAE742}.Release|Any CPU.Build.0 = Release|Any CPU
		{76B13F30-F3B2-4DFD-B130-5F61D4434DC2}.Debug|Any CPU.ActiveCfg = Debug|Any CPU
		{76B13F30-F3B2-4DFD-B130-5F61D4434DC2}.Debug|Any CPU.Build.0 = Debug|Any CPU
		{76B13F30-F3B2-4DFD-B130-5F61D4434DC2}.Release|Any CPU.ActiveCfg = Release|Any CPU
		{76B13F30-F3B2-4DFD-B130-5F61D4434DC2}.Release|Any CPU.Build.0 = Release|Any CPU
		{8B5642E6-A04F-4633-8410-2F6D61E9C0B9}.Debug|Any CPU.ActiveCfg = Debug|Any CPU
		{8B5642E6-A04F-4633-8410-2F6D61E9C0B9}.Debug|Any CPU.Build.0 = Debug|Any CPU
		{8B5642E6-A04F-4633-8410-2F6D61E9C0B9}.Release|Any CPU.ActiveCfg = Release|Any CPU
		{8B5642E6-A04F-4633-8410-2F6D61E9C0B9}.Release|Any CPU.Build.0 = Release|Any CPU
		{156A45B7-379F-40B1-855F-C90BCF308E92}.Debug|Any CPU.ActiveCfg = Debug|Any CPU
		{156A45B7-379F-40B1-855F-C90BCF308E92}.Debug|Any CPU.Build.0 = Debug|Any CPU
		{156A45B7-379F-40B1-855F-C90BCF308E92}.Release|Any CPU.ActiveCfg = Release|Any CPU
		{156A45B7-379F-40B1-855F-C90BCF308E92}.Release|Any CPU.Build.0 = Release|Any CPU
		{BFC7AEA8-1FFF-4E4E-BE94-1114D5F88719}.Debug|Any CPU.ActiveCfg = Debug|Any CPU
		{BFC7AEA8-1FFF-4E4E-BE94-1114D5F88719}.Debug|Any CPU.Build.0 = Debug|Any CPU
		{BFC7AEA8-1FFF-4E4E-BE94-1114D5F88719}.Release|Any CPU.ActiveCfg = Release|Any CPU
		{BFC7AEA8-1FFF-4E4E-BE94-1114D5F88719}.Release|Any CPU.Build.0 = Release|Any CPU
		{69921E2B-2809-40B5-8AAE-BFE8B846A306}.Debug|Any CPU.ActiveCfg = Debug|Any CPU
		{69921E2B-2809-40B5-8AAE-BFE8B846A306}.Debug|Any CPU.Build.0 = Debug|Any CPU
		{69921E2B-2809-40B5-8AAE-BFE8B846A306}.Release|Any CPU.ActiveCfg = Release|Any CPU
		{69921E2B-2809-40B5-8AAE-BFE8B846A306}.Release|Any CPU.Build.0 = Release|Any CPU
		{A8F5B71C-4447-49E5-B0AB-518171AD2D82}.Debug|Any CPU.ActiveCfg = Debug|Any CPU
		{A8F5B71C-4447-49E5-B0AB-518171AD2D82}.Debug|Any CPU.Build.0 = Debug|Any CPU
		{A8F5B71C-4447-49E5-B0AB-518171AD2D82}.Release|Any CPU.ActiveCfg = Release|Any CPU
		{A8F5B71C-4447-49E5-B0AB-518171AD2D82}.Release|Any CPU.Build.0 = Release|Any CPU
		{D032E871-6CF0-4EA2-A15E-A6585237476A}.Debug|Any CPU.ActiveCfg = Debug|Any CPU
		{D032E871-6CF0-4EA2-A15E-A6585237476A}.Debug|Any CPU.Build.0 = Debug|Any CPU
		{D032E871-6CF0-4EA2-A15E-A6585237476A}.Release|Any CPU.ActiveCfg = Release|Any CPU
		{D032E871-6CF0-4EA2-A15E-A6585237476A}.Release|Any CPU.Build.0 = Release|Any CPU
		{E538587D-9F5D-4A35-8A4D-C439B3959D64}.Debug|Any CPU.ActiveCfg = Debug|Any CPU
		{E538587D-9F5D-4A35-8A4D-C439B3959D64}.Debug|Any CPU.Build.0 = Debug|Any CPU
		{E538587D-9F5D-4A35-8A4D-C439B3959D64}.Release|Any CPU.ActiveCfg = Release|Any CPU
		{E538587D-9F5D-4A35-8A4D-C439B3959D64}.Release|Any CPU.Build.0 = Release|Any CPU
		{7D0BC416-B990-4FA4-A207-E8C967CE49F5}.Debug|Any CPU.ActiveCfg = Debug|Any CPU
		{7D0BC416-B990-4FA4-A207-E8C967CE49F5}.Debug|Any CPU.Build.0 = Debug|Any CPU
		{7D0BC416-B990-4FA4-A207-E8C967CE49F5}.Release|Any CPU.ActiveCfg = Release|Any CPU
		{7D0BC416-B990-4FA4-A207-E8C967CE49F5}.Release|Any CPU.Build.0 = Release|Any CPU
		{74E5D411-9A5C-4211-A2CB-30FD4D95BB56}.Debug|Any CPU.ActiveCfg = Debug|Any CPU
		{74E5D411-9A5C-4211-A2CB-30FD4D95BB56}.Debug|Any CPU.Build.0 = Debug|Any CPU
		{74E5D411-9A5C-4211-A2CB-30FD4D95BB56}.Release|Any CPU.ActiveCfg = Release|Any CPU
		{74E5D411-9A5C-4211-A2CB-30FD4D95BB56}.Release|Any CPU.Build.0 = Release|Any CPU
		{E4030F32-C042-4CB5-9382-8948E2C3CC08}.Debug|Any CPU.ActiveCfg = Debug|Any CPU
		{E4030F32-C042-4CB5-9382-8948E2C3CC08}.Debug|Any CPU.Build.0 = Debug|Any CPU
		{E4030F32-C042-4CB5-9382-8948E2C3CC08}.Release|Any CPU.ActiveCfg = Release|Any CPU
		{E4030F32-C042-4CB5-9382-8948E2C3CC08}.Release|Any CPU.Build.0 = Release|Any CPU
		{FCDA7340-BA02-4195-AA59-C8379DBED830}.Debug|Any CPU.ActiveCfg = Debug|Any CPU
		{FCDA7340-BA02-4195-AA59-C8379DBED830}.Debug|Any CPU.Build.0 = Debug|Any CPU
		{FCDA7340-BA02-4195-AA59-C8379DBED830}.Release|Any CPU.ActiveCfg = Release|Any CPU
		{FCDA7340-BA02-4195-AA59-C8379DBED830}.Release|Any CPU.Build.0 = Release|Any CPU
		{DDD31A1E-446F-4A0E-9C99-8B599B7E6958}.Debug|Any CPU.ActiveCfg = Debug|Any CPU
		{DDD31A1E-446F-4A0E-9C99-8B599B7E6958}.Debug|Any CPU.Build.0 = Debug|Any CPU
		{DDD31A1E-446F-4A0E-9C99-8B599B7E6958}.Release|Any CPU.ActiveCfg = Release|Any CPU
		{DDD31A1E-446F-4A0E-9C99-8B599B7E6958}.Release|Any CPU.Build.0 = Release|Any CPU
		{DCCB5421-B8A3-4C73-B878-C60CC006C09D}.Debug|Any CPU.ActiveCfg = Debug|Any CPU
		{DCCB5421-B8A3-4C73-B878-C60CC006C09D}.Debug|Any CPU.Build.0 = Debug|Any CPU
		{DCCB5421-B8A3-4C73-B878-C60CC006C09D}.Release|Any CPU.ActiveCfg = Release|Any CPU
		{DCCB5421-B8A3-4C73-B878-C60CC006C09D}.Release|Any CPU.Build.0 = Release|Any CPU
		{A815FE3A-8936-4A75-89F0-DD7F8B5A4452}.Debug|Any CPU.ActiveCfg = Debug|Any CPU
		{A815FE3A-8936-4A75-89F0-DD7F8B5A4452}.Debug|Any CPU.Build.0 = Debug|Any CPU
		{A815FE3A-8936-4A75-89F0-DD7F8B5A4452}.Release|Any CPU.ActiveCfg = Release|Any CPU
		{A815FE3A-8936-4A75-89F0-DD7F8B5A4452}.Release|Any CPU.Build.0 = Release|Any CPU
		{A5CD3EDC-03E9-4D05-9F69-5C437FEAA1B8}.Debug|Any CPU.ActiveCfg = Debug|Any CPU
		{A5CD3EDC-03E9-4D05-9F69-5C437FEAA1B8}.Debug|Any CPU.Build.0 = Debug|Any CPU
		{A5CD3EDC-03E9-4D05-9F69-5C437FEAA1B8}.Release|Any CPU.ActiveCfg = Release|Any CPU
		{A5CD3EDC-03E9-4D05-9F69-5C437FEAA1B8}.Release|Any CPU.Build.0 = Release|Any CPU
		{F7B13CBA-ACAB-4ED7-BED9-96AB13CFA8A6}.Debug|Any CPU.ActiveCfg = Debug|Any CPU
		{F7B13CBA-ACAB-4ED7-BED9-96AB13CFA8A6}.Debug|Any CPU.Build.0 = Debug|Any CPU
		{F7B13CBA-ACAB-4ED7-BED9-96AB13CFA8A6}.Release|Any CPU.ActiveCfg = Release|Any CPU
		{F7B13CBA-ACAB-4ED7-BED9-96AB13CFA8A6}.Release|Any CPU.Build.0 = Release|Any CPU
		{3A568B11-2AA8-412A-8FA6-1ACC4047D16D}.Debug|Any CPU.ActiveCfg = Debug|Any CPU
		{3A568B11-2AA8-412A-8FA6-1ACC4047D16D}.Debug|Any CPU.Build.0 = Debug|Any CPU
		{3A568B11-2AA8-412A-8FA6-1ACC4047D16D}.Release|Any CPU.ActiveCfg = Release|Any CPU
		{3A568B11-2AA8-412A-8FA6-1ACC4047D16D}.Release|Any CPU.Build.0 = Release|Any CPU
		{C2D02266-5D21-4FCF-9310-489B98D55EA2}.Debug|Any CPU.ActiveCfg = Debug|Any CPU
		{C2D02266-5D21-4FCF-9310-489B98D55EA2}.Debug|Any CPU.Build.0 = Debug|Any CPU
		{C2D02266-5D21-4FCF-9310-489B98D55EA2}.Release|Any CPU.ActiveCfg = Release|Any CPU
		{C2D02266-5D21-4FCF-9310-489B98D55EA2}.Release|Any CPU.Build.0 = Release|Any CPU
		{6FAD95B7-E5A9-426D-8D7E-E6AF7F469F61}.Debug|Any CPU.ActiveCfg = Debug|Any CPU
		{6FAD95B7-E5A9-426D-8D7E-E6AF7F469F61}.Debug|Any CPU.Build.0 = Debug|Any CPU
		{6FAD95B7-E5A9-426D-8D7E-E6AF7F469F61}.Release|Any CPU.ActiveCfg = Release|Any CPU
		{6FAD95B7-E5A9-426D-8D7E-E6AF7F469F61}.Release|Any CPU.Build.0 = Release|Any CPU
		{B7A41FB8-66BF-42E8-9C57-3BA119FD2A0B}.Debug|Any CPU.ActiveCfg = Debug|Any CPU
		{B7A41FB8-66BF-42E8-9C57-3BA119FD2A0B}.Debug|Any CPU.Build.0 = Debug|Any CPU
		{B7A41FB8-66BF-42E8-9C57-3BA119FD2A0B}.Release|Any CPU.ActiveCfg = Release|Any CPU
		{B7A41FB8-66BF-42E8-9C57-3BA119FD2A0B}.Release|Any CPU.Build.0 = Release|Any CPU
		{968346CD-3C53-47B7-A3C1-DDDC10A5BB1C}.Debug|Any CPU.ActiveCfg = Debug|Any CPU
		{968346CD-3C53-47B7-A3C1-DDDC10A5BB1C}.Debug|Any CPU.Build.0 = Debug|Any CPU
		{968346CD-3C53-47B7-A3C1-DDDC10A5BB1C}.Release|Any CPU.ActiveCfg = Release|Any CPU
		{968346CD-3C53-47B7-A3C1-DDDC10A5BB1C}.Release|Any CPU.Build.0 = Release|Any CPU
		{93059EFA-505C-4A8F-AACC-653340753630}.Debug|Any CPU.ActiveCfg = Debug|Any CPU
		{93059EFA-505C-4A8F-AACC-653340753630}.Debug|Any CPU.Build.0 = Debug|Any CPU
		{93059EFA-505C-4A8F-AACC-653340753630}.Release|Any CPU.ActiveCfg = Release|Any CPU
		{93059EFA-505C-4A8F-AACC-653340753630}.Release|Any CPU.Build.0 = Release|Any CPU
		{C482498A-5CE1-41DB-8810-0E889162E01D}.Debug|Any CPU.ActiveCfg = Debug|Any CPU
		{C482498A-5CE1-41DB-8810-0E889162E01D}.Debug|Any CPU.Build.0 = Debug|Any CPU
		{C482498A-5CE1-41DB-8810-0E889162E01D}.Release|Any CPU.ActiveCfg = Release|Any CPU
		{C482498A-5CE1-41DB-8810-0E889162E01D}.Release|Any CPU.Build.0 = Release|Any CPU
		{CCC207CC-DEB0-4D85-B9C3-105DF4ED2772}.Debug|Any CPU.ActiveCfg = Debug|Any CPU
		{CCC207CC-DEB0-4D85-B9C3-105DF4ED2772}.Debug|Any CPU.Build.0 = Debug|Any CPU
		{CCC207CC-DEB0-4D85-B9C3-105DF4ED2772}.Release|Any CPU.ActiveCfg = Release|Any CPU
		{CCC207CC-DEB0-4D85-B9C3-105DF4ED2772}.Release|Any CPU.Build.0 = Release|Any CPU
		{735CF7B5-4746-4D7E-A8E4-B049483F4C94}.Debug|Any CPU.ActiveCfg = Debug|Any CPU
		{735CF7B5-4746-4D7E-A8E4-B049483F4C94}.Debug|Any CPU.Build.0 = Debug|Any CPU
		{735CF7B5-4746-4D7E-A8E4-B049483F4C94}.Release|Any CPU.ActiveCfg = Release|Any CPU
		{735CF7B5-4746-4D7E-A8E4-B049483F4C94}.Release|Any CPU.Build.0 = Release|Any CPU
		{C6B524E8-8E04-4074-9EFE-C7E4DBBD2609}.Debug|Any CPU.ActiveCfg = Debug|Any CPU
		{C6B524E8-8E04-4074-9EFE-C7E4DBBD2609}.Debug|Any CPU.Build.0 = Debug|Any CPU
		{C6B524E8-8E04-4074-9EFE-C7E4DBBD2609}.Release|Any CPU.ActiveCfg = Release|Any CPU
		{C6B524E8-8E04-4074-9EFE-C7E4DBBD2609}.Release|Any CPU.Build.0 = Release|Any CPU
		{D9771E1D-227E-4544-BCBE-36ED46ED57BC}.Debug|Any CPU.ActiveCfg = Debug|Any CPU
		{D9771E1D-227E-4544-BCBE-36ED46ED57BC}.Debug|Any CPU.Build.0 = Debug|Any CPU
		{D9771E1D-227E-4544-BCBE-36ED46ED57BC}.Release|Any CPU.ActiveCfg = Release|Any CPU
		{D9771E1D-227E-4544-BCBE-36ED46ED57BC}.Release|Any CPU.Build.0 = Release|Any CPU
		{5E6D6541-83C6-46C4-B4EB-C4C8CF54CABD}.Debug|Any CPU.ActiveCfg = Debug|Any CPU
		{5E6D6541-83C6-46C4-B4EB-C4C8CF54CABD}.Debug|Any CPU.Build.0 = Debug|Any CPU
		{5E6D6541-83C6-46C4-B4EB-C4C8CF54CABD}.Release|Any CPU.ActiveCfg = Release|Any CPU
		{5E6D6541-83C6-46C4-B4EB-C4C8CF54CABD}.Release|Any CPU.Build.0 = Release|Any CPU
		{95DC9309-72DC-4FEE-96D7-CCD23FE2EE94}.Debug|Any CPU.ActiveCfg = Debug|Any CPU
		{95DC9309-72DC-4FEE-96D7-CCD23FE2EE94}.Debug|Any CPU.Build.0 = Debug|Any CPU
		{95DC9309-72DC-4FEE-96D7-CCD23FE2EE94}.Release|Any CPU.ActiveCfg = Release|Any CPU
		{95DC9309-72DC-4FEE-96D7-CCD23FE2EE94}.Release|Any CPU.Build.0 = Release|Any CPU
		{38DF1247-1D32-4963-9022-BEA784E3A9E8}.Debug|Any CPU.ActiveCfg = Debug|Any CPU
		{38DF1247-1D32-4963-9022-BEA784E3A9E8}.Debug|Any CPU.Build.0 = Debug|Any CPU
		{38DF1247-1D32-4963-9022-BEA784E3A9E8}.Release|Any CPU.ActiveCfg = Release|Any CPU
		{38DF1247-1D32-4963-9022-BEA784E3A9E8}.Release|Any CPU.Build.0 = Release|Any CPU
		{F0D35D42-5FAC-4110-9C30-CC0B60D33976}.Debug|Any CPU.ActiveCfg = Debug|Any CPU
		{F0D35D42-5FAC-4110-9C30-CC0B60D33976}.Debug|Any CPU.Build.0 = Debug|Any CPU
		{F0D35D42-5FAC-4110-9C30-CC0B60D33976}.Release|Any CPU.ActiveCfg = Release|Any CPU
		{F0D35D42-5FAC-4110-9C30-CC0B60D33976}.Release|Any CPU.Build.0 = Release|Any CPU
		{821D9763-30E3-4348-8C1B-E027C3664084}.Debug|Any CPU.ActiveCfg = Debug|Any CPU
		{821D9763-30E3-4348-8C1B-E027C3664084}.Debug|Any CPU.Build.0 = Debug|Any CPU
		{821D9763-30E3-4348-8C1B-E027C3664084}.Release|Any CPU.ActiveCfg = Release|Any CPU
		{821D9763-30E3-4348-8C1B-E027C3664084}.Release|Any CPU.Build.0 = Release|Any CPU
		{032ABB53-BEFB-472E-9BA4-DD7A3684821E}.Debug|Any CPU.ActiveCfg = Debug|Any CPU
		{032ABB53-BEFB-472E-9BA4-DD7A3684821E}.Debug|Any CPU.Build.0 = Debug|Any CPU
		{032ABB53-BEFB-472E-9BA4-DD7A3684821E}.Release|Any CPU.ActiveCfg = Release|Any CPU
		{032ABB53-BEFB-472E-9BA4-DD7A3684821E}.Release|Any CPU.Build.0 = Release|Any CPU
		{499F6B74-80E3-4585-BA09-D482D7AE05AD}.Debug|Any CPU.ActiveCfg = Debug|Any CPU
		{499F6B74-80E3-4585-BA09-D482D7AE05AD}.Debug|Any CPU.Build.0 = Debug|Any CPU
		{499F6B74-80E3-4585-BA09-D482D7AE05AD}.Release|Any CPU.ActiveCfg = Release|Any CPU
		{499F6B74-80E3-4585-BA09-D482D7AE05AD}.Release|Any CPU.Build.0 = Release|Any CPU
		{032F1939-061B-4188-909C-BAA2A41EA67E}.Debug|Any CPU.ActiveCfg = Debug|Any CPU
		{032F1939-061B-4188-909C-BAA2A41EA67E}.Debug|Any CPU.Build.0 = Debug|Any CPU
		{032F1939-061B-4188-909C-BAA2A41EA67E}.Release|Any CPU.ActiveCfg = Release|Any CPU
		{032F1939-061B-4188-909C-BAA2A41EA67E}.Release|Any CPU.Build.0 = Release|Any CPU
		{F22C04C9-9FD3-4512-ABDC-441AEE0BD99D}.Debug|Any CPU.ActiveCfg = Debug|Any CPU
		{F22C04C9-9FD3-4512-ABDC-441AEE0BD99D}.Debug|Any CPU.Build.0 = Debug|Any CPU
		{F22C04C9-9FD3-4512-ABDC-441AEE0BD99D}.Release|Any CPU.ActiveCfg = Release|Any CPU
		{F22C04C9-9FD3-4512-ABDC-441AEE0BD99D}.Release|Any CPU.Build.0 = Release|Any CPU
		{A79D7914-7C5F-488E-87D2-A3495831FD7D}.Debug|Any CPU.ActiveCfg = Debug|Any CPU
		{A79D7914-7C5F-488E-87D2-A3495831FD7D}.Debug|Any CPU.Build.0 = Debug|Any CPU
		{A79D7914-7C5F-488E-87D2-A3495831FD7D}.Release|Any CPU.ActiveCfg = Release|Any CPU
		{A79D7914-7C5F-488E-87D2-A3495831FD7D}.Release|Any CPU.Build.0 = Release|Any CPU
		{C6566F13-B785-4BCC-A633-BB65672ED9B8}.Debug|Any CPU.ActiveCfg = Debug|Any CPU
		{C6566F13-B785-4BCC-A633-BB65672ED9B8}.Debug|Any CPU.Build.0 = Debug|Any CPU
		{C6566F13-B785-4BCC-A633-BB65672ED9B8}.Release|Any CPU.ActiveCfg = Release|Any CPU
		{C6566F13-B785-4BCC-A633-BB65672ED9B8}.Release|Any CPU.Build.0 = Release|Any CPU
		{4E7D5ED2-14AD-479D-A5BC-F528C5FD3CA6}.Debug|Any CPU.ActiveCfg = Debug|Any CPU
		{4E7D5ED2-14AD-479D-A5BC-F528C5FD3CA6}.Debug|Any CPU.Build.0 = Debug|Any CPU
		{4E7D5ED2-14AD-479D-A5BC-F528C5FD3CA6}.Release|Any CPU.ActiveCfg = Release|Any CPU
		{4E7D5ED2-14AD-479D-A5BC-F528C5FD3CA6}.Release|Any CPU.Build.0 = Release|Any CPU
		{3790FD1F-82EB-44AB-AD6D-911163EA3559}.Debug|Any CPU.ActiveCfg = Debug|Any CPU
		{3790FD1F-82EB-44AB-AD6D-911163EA3559}.Debug|Any CPU.Build.0 = Debug|Any CPU
		{3790FD1F-82EB-44AB-AD6D-911163EA3559}.Release|Any CPU.ActiveCfg = Release|Any CPU
		{3790FD1F-82EB-44AB-AD6D-911163EA3559}.Release|Any CPU.Build.0 = Release|Any CPU
		{C41863F4-AA0F-4F54-BE67-15CC84608A12}.Debug|Any CPU.ActiveCfg = Debug|Any CPU
		{C41863F4-AA0F-4F54-BE67-15CC84608A12}.Debug|Any CPU.Build.0 = Debug|Any CPU
		{C41863F4-AA0F-4F54-BE67-15CC84608A12}.Release|Any CPU.ActiveCfg = Release|Any CPU
		{C41863F4-AA0F-4F54-BE67-15CC84608A12}.Release|Any CPU.Build.0 = Release|Any CPU
		{2910D843-F4F4-4506-8A33-0582DA0BE448}.Debug|Any CPU.ActiveCfg = Debug|Any CPU
		{2910D843-F4F4-4506-8A33-0582DA0BE448}.Debug|Any CPU.Build.0 = Debug|Any CPU
		{2910D843-F4F4-4506-8A33-0582DA0BE448}.Release|Any CPU.ActiveCfg = Release|Any CPU
		{2910D843-F4F4-4506-8A33-0582DA0BE448}.Release|Any CPU.Build.0 = Release|Any CPU
		{535D65DF-4DC6-4A29-8872-7293DDBE07D2}.Debug|Any CPU.ActiveCfg = Debug|Any CPU
		{535D65DF-4DC6-4A29-8872-7293DDBE07D2}.Debug|Any CPU.Build.0 = Debug|Any CPU
		{535D65DF-4DC6-4A29-8872-7293DDBE07D2}.Release|Any CPU.ActiveCfg = Release|Any CPU
		{535D65DF-4DC6-4A29-8872-7293DDBE07D2}.Release|Any CPU.Build.0 = Release|Any CPU
		{45F37A25-B345-4CFA-9A3B-7DACE6B42B9A}.Debug|Any CPU.ActiveCfg = Debug|Any CPU
		{45F37A25-B345-4CFA-9A3B-7DACE6B42B9A}.Debug|Any CPU.Build.0 = Debug|Any CPU
		{45F37A25-B345-4CFA-9A3B-7DACE6B42B9A}.Release|Any CPU.ActiveCfg = Release|Any CPU
		{45F37A25-B345-4CFA-9A3B-7DACE6B42B9A}.Release|Any CPU.Build.0 = Release|Any CPU
		{5A597BAF-3FDF-427A-985E-A00A5B01397E}.Debug|Any CPU.ActiveCfg = Debug|Any CPU
		{5A597BAF-3FDF-427A-985E-A00A5B01397E}.Debug|Any CPU.Build.0 = Debug|Any CPU
		{5A597BAF-3FDF-427A-985E-A00A5B01397E}.Release|Any CPU.ActiveCfg = Release|Any CPU
		{5A597BAF-3FDF-427A-985E-A00A5B01397E}.Release|Any CPU.Build.0 = Release|Any CPU
		{6870B6B4-9B75-477A-8B63-018A6E7B1864}.Debug|Any CPU.ActiveCfg = Debug|Any CPU
		{6870B6B4-9B75-477A-8B63-018A6E7B1864}.Debug|Any CPU.Build.0 = Debug|Any CPU
		{6870B6B4-9B75-477A-8B63-018A6E7B1864}.Release|Any CPU.ActiveCfg = Release|Any CPU
		{6870B6B4-9B75-477A-8B63-018A6E7B1864}.Release|Any CPU.Build.0 = Release|Any CPU
		{9A0F1482-FAE9-4B26-841E-F6EB072A9014}.Debug|Any CPU.ActiveCfg = Debug|Any CPU
		{9A0F1482-FAE9-4B26-841E-F6EB072A9014}.Debug|Any CPU.Build.0 = Debug|Any CPU
		{9A0F1482-FAE9-4B26-841E-F6EB072A9014}.Release|Any CPU.ActiveCfg = Release|Any CPU
		{9A0F1482-FAE9-4B26-841E-F6EB072A9014}.Release|Any CPU.Build.0 = Release|Any CPU
		{A40C8EF2-8D1F-40EB-BE06-3D59A418706B}.Debug|Any CPU.ActiveCfg = Debug|Any CPU
		{A40C8EF2-8D1F-40EB-BE06-3D59A418706B}.Debug|Any CPU.Build.0 = Debug|Any CPU
		{A40C8EF2-8D1F-40EB-BE06-3D59A418706B}.Release|Any CPU.ActiveCfg = Release|Any CPU
		{A40C8EF2-8D1F-40EB-BE06-3D59A418706B}.Release|Any CPU.Build.0 = Release|Any CPU
		{1818783A-E984-4077-90DB-1671681B1D74}.Debug|Any CPU.ActiveCfg = Debug|Any CPU
		{1818783A-E984-4077-90DB-1671681B1D74}.Debug|Any CPU.Build.0 = Debug|Any CPU
		{1818783A-E984-4077-90DB-1671681B1D74}.Release|Any CPU.ActiveCfg = Release|Any CPU
		{1818783A-E984-4077-90DB-1671681B1D74}.Release|Any CPU.Build.0 = Release|Any CPU
		{22849061-AA70-49DB-B13F-AA8E0A746FAA}.Debug|Any CPU.ActiveCfg = Debug|Any CPU
		{22849061-AA70-49DB-B13F-AA8E0A746FAA}.Debug|Any CPU.Build.0 = Debug|Any CPU
		{22849061-AA70-49DB-B13F-AA8E0A746FAA}.Release|Any CPU.ActiveCfg = Release|Any CPU
		{22849061-AA70-49DB-B13F-AA8E0A746FAA}.Release|Any CPU.Build.0 = Release|Any CPU
		{BC0A8774-E1D3-41CF-8037-5579487C9816}.Debug|Any CPU.ActiveCfg = Debug|Any CPU
		{BC0A8774-E1D3-41CF-8037-5579487C9816}.Debug|Any CPU.Build.0 = Debug|Any CPU
		{BC0A8774-E1D3-41CF-8037-5579487C9816}.Release|Any CPU.ActiveCfg = Release|Any CPU
		{BC0A8774-E1D3-41CF-8037-5579487C9816}.Release|Any CPU.Build.0 = Release|Any CPU
		{B92F5B6B-BE06-4259-BAFF-92EDC1767430}.Debug|Any CPU.ActiveCfg = Debug|Any CPU
		{B92F5B6B-BE06-4259-BAFF-92EDC1767430}.Debug|Any CPU.Build.0 = Debug|Any CPU
		{B92F5B6B-BE06-4259-BAFF-92EDC1767430}.Release|Any CPU.ActiveCfg = Release|Any CPU
		{B92F5B6B-BE06-4259-BAFF-92EDC1767430}.Release|Any CPU.Build.0 = Release|Any CPU
		{591DF9C1-E02C-45CA-947C-C0762E9F1D38}.Debug|Any CPU.ActiveCfg = Debug|Any CPU
		{591DF9C1-E02C-45CA-947C-C0762E9F1D38}.Debug|Any CPU.Build.0 = Debug|Any CPU
		{591DF9C1-E02C-45CA-947C-C0762E9F1D38}.Release|Any CPU.ActiveCfg = Release|Any CPU
		{591DF9C1-E02C-45CA-947C-C0762E9F1D38}.Release|Any CPU.Build.0 = Release|Any CPU
		{A5F7FED0-E05D-4B5D-9F07-D792AB468BDB}.Debug|Any CPU.ActiveCfg = Debug|Any CPU
		{A5F7FED0-E05D-4B5D-9F07-D792AB468BDB}.Debug|Any CPU.Build.0 = Debug|Any CPU
		{A5F7FED0-E05D-4B5D-9F07-D792AB468BDB}.Release|Any CPU.ActiveCfg = Release|Any CPU
		{A5F7FED0-E05D-4B5D-9F07-D792AB468BDB}.Release|Any CPU.Build.0 = Release|Any CPU
		{2A468CB3-A5A4-44A1-8686-5A3083CC2A3A}.Debug|Any CPU.ActiveCfg = Debug|Any CPU
		{2A468CB3-A5A4-44A1-8686-5A3083CC2A3A}.Debug|Any CPU.Build.0 = Debug|Any CPU
		{2A468CB3-A5A4-44A1-8686-5A3083CC2A3A}.Release|Any CPU.ActiveCfg = Release|Any CPU
		{2A468CB3-A5A4-44A1-8686-5A3083CC2A3A}.Release|Any CPU.Build.0 = Release|Any CPU
		{A5253CAA-0C70-45B1-985D-961C5026C1A6}.Debug|Any CPU.ActiveCfg = Debug|Any CPU
		{A5253CAA-0C70-45B1-985D-961C5026C1A6}.Debug|Any CPU.Build.0 = Debug|Any CPU
		{A5253CAA-0C70-45B1-985D-961C5026C1A6}.Release|Any CPU.ActiveCfg = Release|Any CPU
		{A5253CAA-0C70-45B1-985D-961C5026C1A6}.Release|Any CPU.Build.0 = Release|Any CPU
		{A7FBC5D9-0916-4DA8-9784-EFBE681EBCED}.Debug|Any CPU.ActiveCfg = Debug|Any CPU
		{A7FBC5D9-0916-4DA8-9784-EFBE681EBCED}.Debug|Any CPU.Build.0 = Debug|Any CPU
		{A7FBC5D9-0916-4DA8-9784-EFBE681EBCED}.Release|Any CPU.ActiveCfg = Release|Any CPU
		{A7FBC5D9-0916-4DA8-9784-EFBE681EBCED}.Release|Any CPU.Build.0 = Release|Any CPU
		{1CB75283-81D3-4688-984A-1747F026BA44}.Debug|Any CPU.ActiveCfg = Debug|Any CPU
		{1CB75283-81D3-4688-984A-1747F026BA44}.Debug|Any CPU.Build.0 = Debug|Any CPU
		{1CB75283-81D3-4688-984A-1747F026BA44}.Release|Any CPU.ActiveCfg = Release|Any CPU
		{1CB75283-81D3-4688-984A-1747F026BA44}.Release|Any CPU.Build.0 = Release|Any CPU
		{8B476AE8-F9A2-4A0D-B575-4E351E8AF242}.Debug|Any CPU.ActiveCfg = Debug|Any CPU
		{8B476AE8-F9A2-4A0D-B575-4E351E8AF242}.Debug|Any CPU.Build.0 = Debug|Any CPU
		{8B476AE8-F9A2-4A0D-B575-4E351E8AF242}.Release|Any CPU.ActiveCfg = Release|Any CPU
		{8B476AE8-F9A2-4A0D-B575-4E351E8AF242}.Release|Any CPU.Build.0 = Release|Any CPU
		{1B514B44-1EF4-4ED4-9307-8FA63DE505F9}.Debug|Any CPU.ActiveCfg = Debug|Any CPU
		{1B514B44-1EF4-4ED4-9307-8FA63DE505F9}.Debug|Any CPU.Build.0 = Debug|Any CPU
		{1B514B44-1EF4-4ED4-9307-8FA63DE505F9}.Release|Any CPU.ActiveCfg = Release|Any CPU
		{1B514B44-1EF4-4ED4-9307-8FA63DE505F9}.Release|Any CPU.Build.0 = Release|Any CPU
		{728F3CBB-1257-4724-B133-2259EAABA2C1}.Debug|Any CPU.ActiveCfg = Debug|Any CPU
		{728F3CBB-1257-4724-B133-2259EAABA2C1}.Debug|Any CPU.Build.0 = Debug|Any CPU
		{728F3CBB-1257-4724-B133-2259EAABA2C1}.Release|Any CPU.ActiveCfg = Release|Any CPU
		{728F3CBB-1257-4724-B133-2259EAABA2C1}.Release|Any CPU.Build.0 = Release|Any CPU
		{15F977E0-0C26-423C-8F37-0665901BD12E}.Debug|Any CPU.ActiveCfg = Debug|Any CPU
		{15F977E0-0C26-423C-8F37-0665901BD12E}.Debug|Any CPU.Build.0 = Debug|Any CPU
		{15F977E0-0C26-423C-8F37-0665901BD12E}.Release|Any CPU.ActiveCfg = Release|Any CPU
		{15F977E0-0C26-423C-8F37-0665901BD12E}.Release|Any CPU.Build.0 = Release|Any CPU
		{E58D86F8-51E7-4E7A-8DB2-1C86339586E8}.Debug|Any CPU.ActiveCfg = Debug|Any CPU
		{E58D86F8-51E7-4E7A-8DB2-1C86339586E8}.Debug|Any CPU.Build.0 = Debug|Any CPU
		{E58D86F8-51E7-4E7A-8DB2-1C86339586E8}.Release|Any CPU.ActiveCfg = Release|Any CPU
		{E58D86F8-51E7-4E7A-8DB2-1C86339586E8}.Release|Any CPU.Build.0 = Release|Any CPU
		{5FB011EB-019A-47C5-AF30-9E5FFE8F06A0}.Debug|Any CPU.ActiveCfg = Debug|Any CPU
		{5FB011EB-019A-47C5-AF30-9E5FFE8F06A0}.Debug|Any CPU.Build.0 = Debug|Any CPU
		{5FB011EB-019A-47C5-AF30-9E5FFE8F06A0}.Release|Any CPU.ActiveCfg = Release|Any CPU
		{5FB011EB-019A-47C5-AF30-9E5FFE8F06A0}.Release|Any CPU.Build.0 = Release|Any CPU
		{305304EF-7AEC-47D1-A6A2-BE3347508999}.Debug|Any CPU.ActiveCfg = Debug|Any CPU
		{305304EF-7AEC-47D1-A6A2-BE3347508999}.Debug|Any CPU.Build.0 = Debug|Any CPU
		{305304EF-7AEC-47D1-A6A2-BE3347508999}.Release|Any CPU.ActiveCfg = Release|Any CPU
		{305304EF-7AEC-47D1-A6A2-BE3347508999}.Release|Any CPU.Build.0 = Release|Any CPU
		{207F7E24-07DD-46DE-9CFC-A5ABE480BDDC}.Debug|Any CPU.ActiveCfg = Debug|Any CPU
		{207F7E24-07DD-46DE-9CFC-A5ABE480BDDC}.Debug|Any CPU.Build.0 = Debug|Any CPU
		{207F7E24-07DD-46DE-9CFC-A5ABE480BDDC}.Release|Any CPU.ActiveCfg = Release|Any CPU
		{207F7E24-07DD-46DE-9CFC-A5ABE480BDDC}.Release|Any CPU.Build.0 = Release|Any CPU
		{8EFE7D06-1551-4BE5-A353-ECC3F1EAF2D1}.Debug|Any CPU.ActiveCfg = Debug|Any CPU
		{8EFE7D06-1551-4BE5-A353-ECC3F1EAF2D1}.Debug|Any CPU.Build.0 = Debug|Any CPU
		{8EFE7D06-1551-4BE5-A353-ECC3F1EAF2D1}.Release|Any CPU.ActiveCfg = Release|Any CPU
		{8EFE7D06-1551-4BE5-A353-ECC3F1EAF2D1}.Release|Any CPU.Build.0 = Release|Any CPU
		{3316C562-9341-4670-B139-ED1E04073F69}.Debug|Any CPU.ActiveCfg = Debug|Any CPU
		{3316C562-9341-4670-B139-ED1E04073F69}.Debug|Any CPU.Build.0 = Debug|Any CPU
		{3316C562-9341-4670-B139-ED1E04073F69}.Release|Any CPU.ActiveCfg = Release|Any CPU
		{3316C562-9341-4670-B139-ED1E04073F69}.Release|Any CPU.Build.0 = Release|Any CPU
		{68F1B7CA-4535-4138-872D-5AF80EE0DC46}.Debug|Any CPU.ActiveCfg = Debug|Any CPU
		{68F1B7CA-4535-4138-872D-5AF80EE0DC46}.Debug|Any CPU.Build.0 = Debug|Any CPU
		{68F1B7CA-4535-4138-872D-5AF80EE0DC46}.Release|Any CPU.ActiveCfg = Release|Any CPU
		{68F1B7CA-4535-4138-872D-5AF80EE0DC46}.Release|Any CPU.Build.0 = Release|Any CPU
		{4F458D16-5245-4FCD-B2E2-59A467BFAD50}.Debug|Any CPU.ActiveCfg = Debug|Any CPU
		{4F458D16-5245-4FCD-B2E2-59A467BFAD50}.Debug|Any CPU.Build.0 = Debug|Any CPU
		{4F458D16-5245-4FCD-B2E2-59A467BFAD50}.Release|Any CPU.ActiveCfg = Release|Any CPU
		{4F458D16-5245-4FCD-B2E2-59A467BFAD50}.Release|Any CPU.Build.0 = Release|Any CPU
		{5A5B39A0-E47C-4EF1-ADD3-ECBE28D7AFCE}.Debug|Any CPU.ActiveCfg = Debug|Any CPU
		{5A5B39A0-E47C-4EF1-ADD3-ECBE28D7AFCE}.Debug|Any CPU.Build.0 = Debug|Any CPU
		{5A5B39A0-E47C-4EF1-ADD3-ECBE28D7AFCE}.Release|Any CPU.ActiveCfg = Release|Any CPU
		{5A5B39A0-E47C-4EF1-ADD3-ECBE28D7AFCE}.Release|Any CPU.Build.0 = Release|Any CPU
		{12A7C4B0-368A-42B6-8BB9-0AD48340A00F}.Debug|Any CPU.ActiveCfg = Debug|Any CPU
		{12A7C4B0-368A-42B6-8BB9-0AD48340A00F}.Debug|Any CPU.Build.0 = Debug|Any CPU
		{12A7C4B0-368A-42B6-8BB9-0AD48340A00F}.Release|Any CPU.ActiveCfg = Release|Any CPU
		{12A7C4B0-368A-42B6-8BB9-0AD48340A00F}.Release|Any CPU.Build.0 = Release|Any CPU
		{59B1AF12-641E-4EDF-9561-50B269234BBE}.Debug|Any CPU.ActiveCfg = Debug|Any CPU
		{59B1AF12-641E-4EDF-9561-50B269234BBE}.Debug|Any CPU.Build.0 = Debug|Any CPU
		{59B1AF12-641E-4EDF-9561-50B269234BBE}.Release|Any CPU.ActiveCfg = Release|Any CPU
		{59B1AF12-641E-4EDF-9561-50B269234BBE}.Release|Any CPU.Build.0 = Release|Any CPU
		{9E29EFAD-315C-44ED-BB57-2C34CC4EB1DD}.Debug|Any CPU.ActiveCfg = Debug|Any CPU
		{9E29EFAD-315C-44ED-BB57-2C34CC4EB1DD}.Debug|Any CPU.Build.0 = Debug|Any CPU
		{9E29EFAD-315C-44ED-BB57-2C34CC4EB1DD}.Release|Any CPU.ActiveCfg = Release|Any CPU
		{9E29EFAD-315C-44ED-BB57-2C34CC4EB1DD}.Release|Any CPU.Build.0 = Release|Any CPU
		{D4EFA787-CC1E-4842-8C46-E5430030B537}.Debug|Any CPU.ActiveCfg = Debug|Any CPU
		{D4EFA787-CC1E-4842-8C46-E5430030B537}.Debug|Any CPU.Build.0 = Debug|Any CPU
		{D4EFA787-CC1E-4842-8C46-E5430030B537}.Release|Any CPU.ActiveCfg = Release|Any CPU
		{D4EFA787-CC1E-4842-8C46-E5430030B537}.Release|Any CPU.Build.0 = Release|Any CPU
		{190EFB94-FA8B-442A-9DAE-C61CCAFDABBC}.Debug|Any CPU.ActiveCfg = Debug|Any CPU
		{190EFB94-FA8B-442A-9DAE-C61CCAFDABBC}.Debug|Any CPU.Build.0 = Debug|Any CPU
		{190EFB94-FA8B-442A-9DAE-C61CCAFDABBC}.Release|Any CPU.ActiveCfg = Release|Any CPU
		{190EFB94-FA8B-442A-9DAE-C61CCAFDABBC}.Release|Any CPU.Build.0 = Release|Any CPU
	EndGlobalSection
	GlobalSection(NestedProjects) = preSolution
		{EC2C5CE6-2E67-41BF-8270-126367A61D2A} = {A6448884-BE4E-4A98-9A19-9F018E1D51CC}
		{17FA0F18-1A05-49BA-886F-FDAB89A18B63} = {EC2C5CE6-2E67-41BF-8270-126367A61D2A}
		{AB33C3FE-AD9E-45D4-881A-A513E2EDA5FC} = {EC2C5CE6-2E67-41BF-8270-126367A61D2A}
		{80218D60-8050-499B-8057-0C4980ABDC97} = {EC2C5CE6-2E67-41BF-8270-126367A61D2A}
		{5B071B85-84A6-4333-AEA1-37953735B8AB} = {EC2C5CE6-2E67-41BF-8270-126367A61D2A}
		{E449783C-7C84-4E01-949C-C311AA17C4B1} = {EC2C5CE6-2E67-41BF-8270-126367A61D2A}
		{C3A90ACA-7D60-4BA5-BF25-7546CA429C39} = {EC2C5CE6-2E67-41BF-8270-126367A61D2A}
		{0F6C2936-6193-4AD3-9C56-B07127C2F862} = {EC2C5CE6-2E67-41BF-8270-126367A61D2A}
		{5B6C9BF9-23EF-4CDF-9179-0C2EBF2E59BD} = {EC2C5CE6-2E67-41BF-8270-126367A61D2A}
		{8AC0B223-D2B1-45EF-869F-0F6A28E805CE} = {ECAB9917-BA27-4304-A078-9E41255F9B14}
		{A94F6C30-19D4-4957-96FA-33E1B034799B} = {ECAB9917-BA27-4304-A078-9E41255F9B14}
		{0413FD2A-5DF8-478B-AB91-A04A0887F004} = {ECAB9917-BA27-4304-A078-9E41255F9B14}
		{ECAB9917-BA27-4304-A078-9E41255F9B14} = {ADE5959B-5E36-4181-8EFF-590DDBF46D4C}
		{4C4561D1-1512-4447-AC9B-544CF7D0B385} = {3235E550-3A88-4034-A36A-E952469B3360}
		{EEB94EF5-BD0D-4816-B0E8-9D3F579A7B27} = {3235E550-3A88-4034-A36A-E952469B3360}
		{F7476150-A22C-452A-9E28-D9BC676C33B1} = {4C4561D1-1512-4447-AC9B-544CF7D0B385}
		{B93698EB-98A4-49A3-87F1-A01424762205} = {4C4561D1-1512-4447-AC9B-544CF7D0B385}
		{7AB75F98-7CF1-40E1-9209-A0F4DCEAAF23} = {4C4561D1-1512-4447-AC9B-544CF7D0B385}
		{FB48F218-5C4C-4FF7-AA54-78F1AD4F0978} = {4C4561D1-1512-4447-AC9B-544CF7D0B385}
		{CF7DA2A5-4174-470E-9E63-5D134DCAC64F} = {4C4561D1-1512-4447-AC9B-544CF7D0B385}
		{FBDE3704-F69B-4372-8A0E-F272E9BAE742} = {4C4561D1-1512-4447-AC9B-544CF7D0B385}
		{76B13F30-F3B2-4DFD-B130-5F61D4434DC2} = {4C4561D1-1512-4447-AC9B-544CF7D0B385}
		{8B5642E6-A04F-4633-8410-2F6D61E9C0B9} = {4C4561D1-1512-4447-AC9B-544CF7D0B385}
		{156A45B7-379F-40B1-855F-C90BCF308E92} = {4C4561D1-1512-4447-AC9B-544CF7D0B385}
		{B602F0E3-ACDF-44C6-AEB7-6B9B6538959A} = {C6889BC9-02EF-4CF1-A336-E69028E62297}
		{69921E2B-2809-40B5-8AAE-BFE8B846A306} = {B602F0E3-ACDF-44C6-AEB7-6B9B6538959A}
		{A8F5B71C-4447-49E5-B0AB-518171AD2D82} = {B602F0E3-ACDF-44C6-AEB7-6B9B6538959A}
		{D032E871-6CF0-4EA2-A15E-A6585237476A} = {B602F0E3-ACDF-44C6-AEB7-6B9B6538959A}
		{E538587D-9F5D-4A35-8A4D-C439B3959D64} = {B602F0E3-ACDF-44C6-AEB7-6B9B6538959A}
		{7D0BC416-B990-4FA4-A207-E8C967CE49F5} = {B602F0E3-ACDF-44C6-AEB7-6B9B6538959A}
		{74E5D411-9A5C-4211-A2CB-30FD4D95BB56} = {B602F0E3-ACDF-44C6-AEB7-6B9B6538959A}
		{E4030F32-C042-4CB5-9382-8948E2C3CC08} = {B602F0E3-ACDF-44C6-AEB7-6B9B6538959A}
		{FCDA7340-BA02-4195-AA59-C8379DBED830} = {B602F0E3-ACDF-44C6-AEB7-6B9B6538959A}
		{DDD31A1E-446F-4A0E-9C99-8B599B7E6958} = {EC2C5CE6-2E67-41BF-8270-126367A61D2A}
		{DCCB5421-B8A3-4C73-B878-C60CC006C09D} = {4C4561D1-1512-4447-AC9B-544CF7D0B385}
		{A815FE3A-8936-4A75-89F0-DD7F8B5A4452} = {4C4561D1-1512-4447-AC9B-544CF7D0B385}
		{A5CD3EDC-03E9-4D05-9F69-5C437FEAA1B8} = {4C4561D1-1512-4447-AC9B-544CF7D0B385}
		{F7B13CBA-ACAB-4ED7-BED9-96AB13CFA8A6} = {4C4561D1-1512-4447-AC9B-544CF7D0B385}
		{3A568B11-2AA8-412A-8FA6-1ACC4047D16D} = {4C4561D1-1512-4447-AC9B-544CF7D0B385}
		{093AFF34-DCE5-4BF2-BA84-AF085E1A9354} = {ED6EBF0C-2F4E-4D01-B8FE-3B2460D78BBB}
		{C2D02266-5D21-4FCF-9310-489B98D55EA2} = {093AFF34-DCE5-4BF2-BA84-AF085E1A9354}
		{6FAD95B7-E5A9-426D-8D7E-E6AF7F469F61} = {093AFF34-DCE5-4BF2-BA84-AF085E1A9354}
		{B7A41FB8-66BF-42E8-9C57-3BA119FD2A0B} = {093AFF34-DCE5-4BF2-BA84-AF085E1A9354}
		{968346CD-3C53-47B7-A3C1-DDDC10A5BB1C} = {093AFF34-DCE5-4BF2-BA84-AF085E1A9354}
		{93059EFA-505C-4A8F-AACC-653340753630} = {093AFF34-DCE5-4BF2-BA84-AF085E1A9354}
		{C482498A-5CE1-41DB-8810-0E889162E01D} = {093AFF34-DCE5-4BF2-BA84-AF085E1A9354}
		{CCC207CC-DEB0-4D85-B9C3-105DF4ED2772} = {093AFF34-DCE5-4BF2-BA84-AF085E1A9354}
		{735CF7B5-4746-4D7E-A8E4-B049483F4C94} = {093AFF34-DCE5-4BF2-BA84-AF085E1A9354}
		{C6B524E8-8E04-4074-9EFE-C7E4DBBD2609} = {093AFF34-DCE5-4BF2-BA84-AF085E1A9354}
		{D9771E1D-227E-4544-BCBE-36ED46ED57BC} = {093AFF34-DCE5-4BF2-BA84-AF085E1A9354}
		{841DE5CB-E17B-4F37-A5D9-101F3095AC72} = {4DB153CA-34C5-4673-80D0-A9EAA511E74B}
		{5E6D6541-83C6-46C4-B4EB-C4C8CF54CABD} = {841DE5CB-E17B-4F37-A5D9-101F3095AC72}
		{95DC9309-72DC-4FEE-96D7-CCD23FE2EE94} = {841DE5CB-E17B-4F37-A5D9-101F3095AC72}
		{38DF1247-1D32-4963-9022-BEA784E3A9E8} = {841DE5CB-E17B-4F37-A5D9-101F3095AC72}
		{F0D35D42-5FAC-4110-9C30-CC0B60D33976} = {841DE5CB-E17B-4F37-A5D9-101F3095AC72}
		{821D9763-30E3-4348-8C1B-E027C3664084} = {841DE5CB-E17B-4F37-A5D9-101F3095AC72}
		{032ABB53-BEFB-472E-9BA4-DD7A3684821E} = {841DE5CB-E17B-4F37-A5D9-101F3095AC72}
		{499F6B74-80E3-4585-BA09-D482D7AE05AD} = {841DE5CB-E17B-4F37-A5D9-101F3095AC72}
		{032F1939-061B-4188-909C-BAA2A41EA67E} = {841DE5CB-E17B-4F37-A5D9-101F3095AC72}
		{F22C04C9-9FD3-4512-ABDC-441AEE0BD99D} = {841DE5CB-E17B-4F37-A5D9-101F3095AC72}
		{A79D7914-7C5F-488E-87D2-A3495831FD7D} = {841DE5CB-E17B-4F37-A5D9-101F3095AC72}
		{C6566F13-B785-4BCC-A633-BB65672ED9B8} = {ECAB9917-BA27-4304-A078-9E41255F9B14}
		{4E7D5ED2-14AD-479D-A5BC-F528C5FD3CA6} = {ECAB9917-BA27-4304-A078-9E41255F9B14}
		{3790FD1F-82EB-44AB-AD6D-911163EA3559} = {B602F0E3-ACDF-44C6-AEB7-6B9B6538959A}
		{C41863F4-AA0F-4F54-BE67-15CC84608A12} = {B602F0E3-ACDF-44C6-AEB7-6B9B6538959A}
		{2910D843-F4F4-4506-8A33-0582DA0BE448} = {B602F0E3-ACDF-44C6-AEB7-6B9B6538959A}
		{535D65DF-4DC6-4A29-8872-7293DDBE07D2} = {EEB94EF5-BD0D-4816-B0E8-9D3F579A7B27}
		{55EF5C8D-D6A6-47BC-B2AE-CBE6591E8DC5} = {4866D949-5809-451C-A8D0-957D111AD00C}
		{45F37A25-B345-4CFA-9A3B-7DACE6B42B9A} = {55EF5C8D-D6A6-47BC-B2AE-CBE6591E8DC5}
		{5A597BAF-3FDF-427A-985E-A00A5B01397E} = {55EF5C8D-D6A6-47BC-B2AE-CBE6591E8DC5}
		{6870B6B4-9B75-477A-8B63-018A6E7B1864} = {55EF5C8D-D6A6-47BC-B2AE-CBE6591E8DC5}
		{9A0F1482-FAE9-4B26-841E-F6EB072A9014} = {55EF5C8D-D6A6-47BC-B2AE-CBE6591E8DC5}
		{A40C8EF2-8D1F-40EB-BE06-3D59A418706B} = {55EF5C8D-D6A6-47BC-B2AE-CBE6591E8DC5}
		{1818783A-E984-4077-90DB-1671681B1D74} = {55EF5C8D-D6A6-47BC-B2AE-CBE6591E8DC5}
		{22849061-AA70-49DB-B13F-AA8E0A746FAA} = {55EF5C8D-D6A6-47BC-B2AE-CBE6591E8DC5}
		{BC0A8774-E1D3-41CF-8037-5579487C9816} = {55EF5C8D-D6A6-47BC-B2AE-CBE6591E8DC5}
		{B92F5B6B-BE06-4259-BAFF-92EDC1767430} = {55EF5C8D-D6A6-47BC-B2AE-CBE6591E8DC5}
		{591DF9C1-E02C-45CA-947C-C0762E9F1D38} = {55EF5C8D-D6A6-47BC-B2AE-CBE6591E8DC5}
		{D3FFE529-765E-4739-A781-8DACBE41415B} = {AB551726-40FE-4A0D-B73F-CF2C4095D98E}
		{A5F7FED0-E05D-4B5D-9F07-D792AB468BDB} = {D3FFE529-765E-4739-A781-8DACBE41415B}
		{2A468CB3-A5A4-44A1-8686-5A3083CC2A3A} = {D3FFE529-765E-4739-A781-8DACBE41415B}
		{A5253CAA-0C70-45B1-985D-961C5026C1A6} = {D3FFE529-765E-4739-A781-8DACBE41415B}
		{A7FBC5D9-0916-4DA8-9784-EFBE681EBCED} = {D3FFE529-765E-4739-A781-8DACBE41415B}
		{1CB75283-81D3-4688-984A-1747F026BA44} = {D3FFE529-765E-4739-A781-8DACBE41415B}
		{8B476AE8-F9A2-4A0D-B575-4E351E8AF242} = {D3FFE529-765E-4739-A781-8DACBE41415B}
		{1B514B44-1EF4-4ED4-9307-8FA63DE505F9} = {D3FFE529-765E-4739-A781-8DACBE41415B}
		{728F3CBB-1257-4724-B133-2259EAABA2C1} = {D3FFE529-765E-4739-A781-8DACBE41415B}
		{15F977E0-0C26-423C-8F37-0665901BD12E} = {D3FFE529-765E-4739-A781-8DACBE41415B}
		{E58D86F8-51E7-4E7A-8DB2-1C86339586E8} = {D3FFE529-765E-4739-A781-8DACBE41415B}
		{5FB011EB-019A-47C5-AF30-9E5FFE8F06A0} = {ECAB9917-BA27-4304-A078-9E41255F9B14}
		{305304EF-7AEC-47D1-A6A2-BE3347508999} = {ECAB9917-BA27-4304-A078-9E41255F9B14}
		{F62B52AA-994D-4388-A158-59B2D6D5A4E6} = {62BC5CF0-3999-4516-90DD-AAE5182DF54B}
		{207F7E24-07DD-46DE-9CFC-A5ABE480BDDC} = {F62B52AA-994D-4388-A158-59B2D6D5A4E6}
		{8EFE7D06-1551-4BE5-A353-ECC3F1EAF2D1} = {F62B52AA-994D-4388-A158-59B2D6D5A4E6}
		{3316C562-9341-4670-B139-ED1E04073F69} = {F62B52AA-994D-4388-A158-59B2D6D5A4E6}
		{68F1B7CA-4535-4138-872D-5AF80EE0DC46} = {F62B52AA-994D-4388-A158-59B2D6D5A4E6}
		{4F458D16-5245-4FCD-B2E2-59A467BFAD50} = {F62B52AA-994D-4388-A158-59B2D6D5A4E6}
		{5A5B39A0-E47C-4EF1-ADD3-ECBE28D7AFCE} = {F62B52AA-994D-4388-A158-59B2D6D5A4E6}
		{12A7C4B0-368A-42B6-8BB9-0AD48340A00F} = {F62B52AA-994D-4388-A158-59B2D6D5A4E6}
		{59B1AF12-641E-4EDF-9561-50B269234BBE} = {F62B52AA-994D-4388-A158-59B2D6D5A4E6}
		{9E29EFAD-315C-44ED-BB57-2C34CC4EB1DD} = {F62B52AA-994D-4388-A158-59B2D6D5A4E6}
		{D4EFA787-CC1E-4842-8C46-E5430030B537} = {F62B52AA-994D-4388-A158-59B2D6D5A4E6}
	EndGlobalSection
EndGlobal
